# This file is automatically @generated by Bloomery.
# It is not intended for manual editing.
version = 1
cargo-lock-hash = "b6b01f18732053d654f181366861555e36f5e152b870e8322b37bbe207f27a60"

[packages."anstream-1.0.0"]
features = [ "auto", "default", "wincon" ]
dependencies = [ "anstyle-1.0.14", "anstyle-parse-1.0.0", "anstyle-query-1.1.5", "anstyle-wincon-3.0.11", "colorchoice-1.0.5", "is_terminal_polyfill-1.70.2", "utf8parse-0.2.2" ]
proc-macro = false
edition = "2021"

[packages."anstyle-1.0.14"]
features = [ "default", "std" ]
dependencies = [ ]
proc-macro = false
edition = "2021"

[packages."anstyle-parse-1.0.0"]
features = [ "default", "utf8" ]
dependencies = [ "utf8parse-0.2.2" ]
proc-macro = false
edition = "2021"

[packages."anstyle-query-1.1.5"]
features = [ ]
dependencies = [ "windows-sys-0.61.2" ]
proc-macro = false
edition = "2021"

[packages."anstyle-wincon-3.0.11"]
features = [ ]
dependencies = [ "anstyle-1.0.14", "once_cell_polyfill-1.70.2", "windows-sys-0.61.2" ]
proc-macro = false
edition = "2021"

[packages."async-trait-0.1.92"]
features = [ ]
dependencies = [ "proc-macro2-1.0.107", "quote-1.0.47", "syn-3.0.6" ]
proc-macro = true
edition = "2021"

[packages."atomic-waker-1.1.2"]
features = [ ]
dependencies = [ ]
proc-macro = false
edition = "2018"

[packages."axum-0.7.9"]
features = [ "http1", "json", "tokio" ]
dependencies = [ "async-trait-0.1.92", "axum-core-0.4.5", "bytes-1.12.1", "futures-util-0.3.34", "http-1.5.0", "http-body-1.1.0", "http-body-util-0.1.5", "hyper-1.11.1", "hyper-util-0.1.21", "itoa-1.0.18", "matchit-0.7.3", "memchr-2.8.3", "mime-0.3.17", "percent-encoding-2.3.2", "pin-project-lite-0.2.17", "rustversion-1.0.23", "serde-1.0.229", "serde_json-1.0.151", "serde_path_to_error-0.1.20", "sync_wrapper-1.0.2", "tokio-1.53.1", "tower-0.5.3", "tower-layer-0.3.3", "tower-service-0.3.3" ]
proc-macro = false
edition = "2021"

[packages."axum-core-0.4.5"]
features = [ ]
dependencies = [ "async-trait-0.1.92", "bytes-1.12.1", "futures-util-0.3.34", "http-1.5.0", "http-body-1.1.0", "http-body-util-0.1.5", "mime-0.3.17", "pin-project-lite-0.2.17", "rustversion-1.0.23", "sync_wrapper-1.0.2", "tower-layer-0.3.3", "tower-service-0.3.3" ]
proc-macro = false
edition = "2021"

[packages."base64-0.22.1"]
features = [ "alloc", "default", "std" ]
dependencies = [ ]
proc-macro = false
edition = "2018"

[packages."bytes-1.12.1"]
features = [ "default", "std" ]
dependencies = [ ]
proc-macro = false
edition = "2021"

[packages."clap-4.6.7"]
features = [ "color", "default", "derive", "error-context", "help", "std", "suggestions", "usage" ]
dependencies = [ "clap_builder-4.6.7", "clap_derive-4.6.7" ]
proc-macro = false
edition = "2024"

[packages."clap_builder-4.6.7"]
features = [ "color", "error-context", "help", "std", "suggestions", "usage" ]
dependencies = [ "anstream-1.0.0", "anstyle-1.0.14", "clap_lex-1.1.1", "strsim-0.11.1" ]
proc-macro = false
edition = "2024"

[packages."clap_derive-4.6.7"]
features = [ "default" ]
dependencies = [ "heck-0.5.0", "proc-macro2-1.0.107", "quote-1.0.47", "syn-3.0.6" ]
proc-macro = true
edition = "2024"

[packages."clap_lex-1.1.1"]
features = [ ]
dependencies = [ ]
proc-macro = false
edition = "2024"

[packages."cli-0.1.0"]
features = [ ]
dependencies = [ "clap-4.6.7", "serde-1.0.229", "serde_json-1.0.151", "ureq-2.12.1" ]
proc-macro = false
edition = "2021"

[packages."colorchoice-1.0.5"]
features = [ ]
dependencies = [ ]
proc-macro = false
edition = "2021"

[packages."displaydoc-0.2.7"]
features = [ ]
dependencies = [ "proc-macro2-1.0.107", "quote-1.0.47", "syn-3.0.6" ]
proc-macro = true
edition = "2021"

[packages."form_urlencoded-1.2.2"]
features = [ "alloc", "std" ]
dependencies = [ "percent-encoding-2.3.2" ]
proc-macro = false
edition = "2018"

[packages."futures-channel-0.3.34"]
features = [ "alloc", "default", "std" ]
dependencies = [ "futures-core-0.3.34" ]
proc-macro = false
edition = "2018"

[packages."futures-core-0.3.34"]
features = [ "alloc", "default", "std" ]
dependencies = [ ]
proc-macro = false
edition = "2018"

[packages."futures-task-0.3.34"]
features = [ "alloc" ]
dependencies = [ ]
proc-macro = false
edition = "2018"

[packages."futures-util-0.3.34"]
features = [ "alloc", "slab" ]
dependencies = [ "futures-core-0.3.34", "futures-task-0.3.34", "pin-project-lite-0.2.17", "slab-0.4.12" ]
proc-macro = false
edition = "2018"

[packages."heck-0.5.0"]
features = [ ]
dependencies = [ ]
proc-macro = false
edition = "2021"

[packages."http-1.5.0"]
features = [ "default", "std" ]
dependencies = [ "bytes-1.12.1", "itoa-1.0.18" ]
proc-macro = false
edition = "2021"

[packages."http-body-1.1.0"]
features = [ ]
dependencies = [ "bytes-1.12.1", "http-1.5.0" ]
proc-macro = false
edition = "2018"

[packages."http-body-util-0.1.5"]
features = [ "default" ]
dependencies = [ "bytes-1.12.1", "futures-core-0.3.34", "http-1.5.0", "http-body-1.1.0", "pin-project-lite-0.2.17" ]
proc-macro = false
edition = "2018"

[packages."httparse-1.10.1"]
features = [ "default", "std" ]
dependencies = [ ]
proc-macro = false
edition = "2018"

[packages."httpdate-1.0.3"]
features = [ ]
dependencies = [ ]
proc-macro = false
edition = "2021"

[packages."hyper-1.11.1"]
features = [ "default", "http1", "server" ]
dependencies = [ "atomic-waker-1.1.2", "bytes-1.12.1", "futures-channel-0.3.34", "futures-core-0.3.34", "http-1.5.0", "http-body-1.1.0", "httparse-1.10.1", "httpdate-1.0.3", "itoa-1.0.18", "pin-project-lite-0.2.17", "smallvec-1.16.2", "tokio-1.53.1" ]
proc-macro = false
edition = "2021"

[packages."hyper-util-0.1.21"]
features = [ "default", "http1", "server", "service", "tokio" ]
dependencies = [ "bytes-1.12.1", "http-1.5.0", "http-body-1.1.0", "hyper-1.11.1", "pin-project-lite-0.2.17", "tokio-1.53.1", "tower-service-0.3.3" ]
proc-macro = false
edition = "2024"

[packages."icu_collections-2.3.0"]
features = [ ]
dependencies = [ "displaydoc-0.2.7", "potential_utf-0.1.6", "utf8_iter-1.0.4", "yoke-0.8.3", "zerofrom-0.1.8", "zerovec-0.11.8" ]
proc-macro = false
edition = "2024"

[packages."icu_locale_core-2.3.0"]
features = [ "zerovec" ]
dependencies = [ "displaydoc-0.2.7", "litemap-0.8.3", "tinystr-0.8.4", "writeable-0.6.4", "zerovec-0.11.8" ]
proc-macro = false
edition = "2024"

[packages."icu_normalizer-2.3.0"]
features = [ "compiled_data" ]
dependencies = [ "icu_collections-2.3.0", "icu_normalizer_data-2.3.0", "icu_properties-2.3.0", "icu_provider-2.3.1", "smallvec-1.16.2", "zerovec-0.11.8" ]
proc-macro = false
edition = "2024"

[packages."icu_normalizer_data-2.3.0"]
features = [ ]
dependencies = [ ]
proc-macro = false
edition = "2024"

[packages."icu_properties-2.3.0"]
features = [ "compiled_data" ]
dependencies = [ "displaydoc-0.2.7", "icu_collections-2.3.0", "icu_locale_core-2.3.0", "icu_properties_data-2.3.0", "icu_provider-2.3.1", "zerotrie-0.2.5", "zerovec-0.11.8" ]
proc-macro = false
edition = "2024"

[packages."icu_properties_data-2.3.0"]
features = [ ]
dependencies = [ ]
proc-macro = false
edition = "2024"

[packages."icu_provider-2.3.1"]
features = [ "baked" ]
dependencies = [ "displaydoc-0.2.7", "icu_locale_core-2.3.0", "writeable-0.6.4", "yoke-0.8.3", "zerofrom-0.1.8", "zerotrie-0.2.5", "zerovec-0.11.8" ]
proc-macro = false
edition = "2024"

[packages."idna-1.1.0"]
features = [ "alloc", "compiled_data", "std" ]
dependencies = [ "idna_adapter-1.2.2", "smallvec-1.16.2", "utf8_iter-1.0.4" ]
proc-macro = false
edition = "2018"

[packages."idna_adapter-1.2.2"]
features = [ "compiled_data" ]
dependencies = [ "icu_normalizer-2.3.0", "icu_properties-2.3.0" ]
proc-macro = false
edition = "2024"

[packages."is_terminal_polyfill-1.70.2"]
features = [ "default" ]
dependencies = [ ]
proc-macro = false
edition = "2021"

[packages."itoa-1.0.18"]
features = [ ]
dependencies = [ ]
proc-macro = false
edition = "2021"

[packages."libc-0.2.189"]
features = [ "default", "std" ]
dependencies = [ ]
proc-macro = false
edition = "2021"

[packages."litemap-0.8.3"]
features = [ ]
dependencies = [ ]
proc-macro = false
edition = "2021"

[packages."log-0.4.34"]
features = [ ]
dependencies = [ ]
proc-macro = false
edition = "2021"

[packages."matchit-0.7.3"]
features = [ "default" ]
dependencies = [ ]
proc-macro = false
edition = "2021"

[packages."memchr-2.8.3"]
features = [ "alloc", "default", "std" ]
dependencies = [ ]
proc-macro = false
edition = "2021"

[packages."mime-0.3.17"]
features = [ ]
dependencies = [ ]
proc-macro = false
edition = "2015"

[packages."mio-1.2.3"]
features = [ "net", "os-ext", "os-poll" ]
dependencies = [ "libc-0.2.189", "wasi-0.11.1+wasi-snapshot-preview1", "windows-sys-0.61.2" ]
proc-macro = false
edition = "2021"

[packages."once_cell-1.21.4"]
features = [ "alloc", "default", "race", "std" ]
dependencies = [ ]
proc-macro = false
edition = "2021"

[packages."once_cell_polyfill-1.70.2"]
features = [ "default" ]
dependencies = [ ]
proc-macro = false
edition = "2021"

[packages."percent-encoding-2.3.2"]
features = [ "alloc", "default", "std" ]
dependencies = [ ]
proc-macro = false
edition = "2018"

[packages."pin-project-lite-0.2.17"]
features = [ ]
dependencies = [ ]
proc-macro = false
edition = "2018"

[packages."potential_utf-0.1.6"]
features = [ "zerovec" ]
dependencies = [ "zerovec-0.11.8" ]
proc-macro = false
edition = "2021"

[packages."proc-macro2-1.0.107"]
features = [ "default", "proc-macro" ]
dependencies = [ "unicode-ident-1.0.26" ]
proc-macro = false
edition = "2021"

[packages."quote-1.0.47"]
features = [ "default", "proc-macro" ]
dependencies = [ "proc-macro2-1.0.107" ]
proc-macro = false
edition = "2021"

[packages."rustversion-1.0.23"]
features = [ ]
dependencies = [ ]
proc-macro = true
edition = "2018"

[packages."serde-1.0.229"]
features = [ "default", "derive", "serde_derive", "std" ]
dependencies = [ "serde_core-1.0.229", "serde_derive-1.0.229" ]
proc-macro = false
edition = "2021"

[packages."serde_core-1.0.229"]
features = [ "alloc", "result", "std" ]
dependencies = [ "serde_derive-1.0.229" ]
proc-macro = false
edition = "2021"

[packages."serde_derive-1.0.229"]
features = [ "default" ]
dependencies = [ "proc-macro2-1.0.107", "quote-1.0.47", "syn-3.0.6" ]
proc-macro = true
edition = "2021"

[packages."serde_json-1.0.151"]
features = [ "default", "raw_value", "std" ]
dependencies = [ "itoa-1.0.18", "memchr-2.8.3", "serde-1.0.229", "serde_core-1.0.229", "zmij-1.0.23" ]
proc-macro = false
edition = "2021"

[packages."serde_path_to_error-0.1.20"]
features = [ ]
dependencies = [ "itoa-1.0.18", "serde-1.0.229", "serde_core-1.0.229" ]
proc-macro = false
edition = "2021"

[packages."server-0.1.0"]
features = [ ]
dependencies = [ "axum-0.7.9", "serde-1.0.229", "serde_json-1.0.151", "tokio-1.53.1" ]
proc-macro = false
edition = "2021"

[packages."slab-0.4.12"]
features = [ ]
dependencies = [ ]
proc-macro = false
edition = "2018"

[packages."smallvec-1.16.2"]
features = [ "const_generics", "const_new" ]
dependencies = [ ]
proc-macro = false
edition = "2018"

[packages."socket2-0.6.5"]
features = [ "all" ]
dependencies = [ "libc-0.2.189", "windows-sys-0.61.2" ]
proc-macro = false
edition = "2021"

[packages."stable_deref_trait-1.2.1"]
features = [ ]
dependencies = [ ]
proc-macro = false
edition = "2015"

[packages."strsim-0.11.1"]
features = [ ]
dependencies = [ ]
proc-macro = false
edition = "2015"

[packages."syn-3.0.6"]
features = [ "clone-impls", "default", "derive", "extra-traits", "fold", "full", "parsing", "printing", "proc-macro", "visit", "visit-mut" ]
dependencies = [ "proc-macro2-1.0.107", "quote-1.0.47", "unicode-ident-1.0.26" ]
proc-macro = false
edition = "2021"

[packages."sync_wrapper-1.0.2"]
features = [ ]
dependencies = [ ]
proc-macro = false
edition = "2021"

[packages."synstructure-0.14.0"]
features = [ "default", "proc-macro" ]
dependencies = [ "proc-macro2-1.0.107", "quote-1.0.47", "syn-3.0.6" ]
proc-macro = false
edition = "2018"

[packages."tinystr-0.8.4"]
features = [ "zerovec" ]
dependencies = [ "displaydoc-0.2.7", "zerovec-0.11.8" ]
proc-macro = false
edition = "2021"

[packages."tokio-1.53.1"]
features = [ "default", "libc", "macros", "mio", "net", "rt", "rt-multi-thread", "socket2", "sync", "time", "tokio-macros", "windows-sys" ]
dependencies = [ "libc-0.2.189", "mio-1.2.3", "pin-project-lite-0.2.17", "socket2-0.6.5", "tokio-macros-2.7.2", "windows-sys-0.61.2" ]
proc-macro = false
edition = "2021"

[packages."tokio-macros-2.7.2"]
features = [ ]
dependencies = [ "proc-macro2-1.0.107", "quote-1.0.47", "syn-3.0.6" ]
proc-macro = true
edition = "2021"

[packages."tower-0.5.3"]
features = [ "futures-core", "futures-util", "make", "pin-project-lite", "sync_wrapper", "tokio", "util" ]
dependencies = [ "futures-core-0.3.34", "futures-util-0.3.34", "pin-project-lite-0.2.17", "sync_wrapper-1.0.2", "tokio-1.53.1", "tower-layer-0.3.3", "tower-service-0.3.3" ]
proc-macro = false
edition = "2018"

[packages."tower-layer-0.3.3"]
features = [ ]
dependencies = [ ]
proc-macro = false
edition = "2018"

[packages."tower-service-0.3.3"]
features = [ ]
dependencies = [ ]
proc-macro = false
edition = "2018"

[packages."unicode-ident-1.0.26"]
features = [ ]
dependencies = [ ]
proc-macro = false
edition = "2021"

[packages."ureq-2.12.1"]
features = [ "json" ]
dependencies = [ "base64-0.22.1", "log-0.4.34", "once_cell-1.21.4", "serde-1.0.229", "serde_json-1.0.151", "url-2.5.8" ]
proc-macro = false
edition = "2018"

[packages."url-2.5.8"]
features = [ "default", "std" ]
dependencies = [ "form_urlencoded-1.2.2", "idna-1.1.0", "percent-encoding-2.3.2", "serde-1.0.229" ]
proc-macro = false
edition = "2018"

[packages."utf8_iter-1.0.4"]
features = [ ]
dependencies = [ ]
proc-macro = false
edition = "2021"

[packages."utf8parse-0.2.2"]
features = [ "default" ]
dependencies = [ ]
proc-macro = false
edition = "2018"

[packages."wasi-0.11.1+wasi-snapshot-preview1"]
features = [ "default", "std" ]
dependencies = [ ]
proc-macro = false
edition = "2018"

[packages."windows-link-0.2.1"]
features = [ ]
dependencies = [ ]
proc-macro = false
edition = "2021"

[packages."windows-sys-0.61.2"]
features = [ "Wdk", "Wdk_Foundation", "Wdk_Storage", "Wdk_Storage_FileSystem", "Wdk_System", "Wdk_System_IO", "Win32", "Win32_Foundation", "Win32_Networking", "Win32_Networking_WinSock", "Win32_Security", "Win32_Storage", "Win32_Storage_FileSystem", "Win32_System", "Win32_System_Console", "Win32_System_IO", "Win32_System_Pipes", "Win32_System_SystemServices", "Win32_System_Threading", "Win32_System_WindowsProgramming", "default" ]
dependencies = [ "windows-link-0.2.1" ]
proc-macro = false
edition = "2021"

[packages."writeable-0.6.4"]
features = [ ]
dependencies = [ ]
proc-macro = false
edition = "2021"

[packages."yoke-0.8.3"]
features = [ "derive", "zerofrom" ]
dependencies = [ "stable_deref_trait-1.2.1", "yoke-derive-0.8.3", "zerofrom-0.1.8" ]
proc-macro = false
edition = "2021"

[packages."yoke-derive-0.8.3"]
features = [ ]
dependencies = [ "proc-macro2-1.0.107", "quote-1.0.47", "syn-3.0.6", "synstructure-0.14.0" ]
proc-macro = true
edition = "2021"

[packages."zerofrom-0.1.8"]
features = [ "derive" ]
dependencies = [ "zerofrom-derive-0.1.8" ]
proc-macro = false
edition = "2021"

[packages."zerofrom-derive-0.1.8"]
features = [ ]
dependencies = [ "proc-macro2-1.0.107", "quote-1.0.47", "syn-3.0.6", "synstructure-0.14.0" ]
proc-macro = true
edition = "2021"

[packages."zerotrie-0.2.5"]
features = [ "yoke", "zerofrom" ]
dependencies = [ "displaydoc-0.2.7", "yoke-0.8.3", "zerofrom-0.1.8" ]
proc-macro = false
edition = "2021"

[packages."zerovec-0.11.8"]
features = [ "derive", "yoke" ]
dependencies = [ "yoke-0.8.3", "zerofrom-0.1.8", "zerovec-derive-0.11.6" ]
proc-macro = false
edition = "2021"

[packages."zerovec-derive-0.11.6"]
features = [ ]
dependencies = [ "proc-macro2-1.0.107", "quote-1.0.47", "syn-3.0.6" ]
proc-macro = true
edition = "2021"

[packages."zmij-1.0.23"]
features = [ ]
dependencies = [ ]
proc-macro = false
edition = "2021"

