# This file is automatically @generated by Bloomery.
# It is not intended for manual editing.
version = 1
cargo-lock-hash = "0901fc8747f37bc696e1273b5053c4c5d7ea5cdd2559ebacaf72719215b2d118"

[packages."adler2-2.0.1"]
features = [ ]
dependencies = [ ]
proc-macro = false
edition = "2021"

[packages."aead-0.5.2"]
features = [ "alloc", "getrandom", "rand_core" ]
dependencies = [ "crypto-common-0.1.7", "generic-array-0.14.7" ]
proc-macro = false
edition = "2021"

[packages."aes-0.8.4"]
features = [ ]
dependencies = [ "cfg-if-1.0.5", "cipher-0.4.4", "cpufeatures-0.2.17" ]
proc-macro = false
edition = "2021"

[packages."aes-gcm-0.10.3"]
features = [ "aes", "alloc", "default", "getrandom", "rand_core" ]
dependencies = [ "aead-0.5.2", "aes-0.8.4", "cipher-0.4.4", "ctr-0.9.2", "ghash-0.5.1", "subtle-2.6.1" ]
proc-macro = false
edition = "2021"

[packages."alloc-no-stdlib-2.0.4"]
features = [ ]
dependencies = [ ]
proc-macro = false
edition = "2015"

[packages."alloc-stdlib-0.2.4"]
features = [ ]
dependencies = [ "alloc-no-stdlib-2.0.4" ]
proc-macro = false
edition = "2015"

[packages."anymap3-1.1.0"]
features = [ "default", "std" ]
dependencies = [ ]
proc-macro = false
edition = "2021"

[packages."async-compression-0.4.48"]
features = [ "brotli", "gzip", "tokio" ]
dependencies = [ "compression-codecs-0.4.43", "compression-core-0.4.33", "pin-project-lite-0.2.17", "tokio-1.53.1" ]
proc-macro = false
edition = "2018"

[packages."atomic-waker-1.1.2"]
features = [ ]
dependencies = [ ]
proc-macro = false
edition = "2018"

[packages."base64-0.22.1"]
features = [ "alloc", "default", "std" ]
dependencies = [ ]
proc-macro = false
edition = "2018"

[packages."base64-0.23.1"]
features = [ "alloc", "std" ]
dependencies = [ ]
proc-macro = false
edition = "2021"

[packages."bitflags-2.13.2"]
features = [ ]
dependencies = [ ]
proc-macro = false
edition = "2021"

[packages."block-buffer-0.10.4"]
features = [ ]
dependencies = [ "generic-array-0.14.7" ]
proc-macro = false
edition = "2018"

[packages."block-buffer-0.12.1"]
features = [ ]
dependencies = [ "hybrid-array-0.4.15" ]
proc-macro = false
edition = "2024"

[packages."bloomery-content-0.1.0"]
features = [ ]
dependencies = [ ]
proc-macro = false
edition = "2024"

[packages."bloomery-docs-0.1.0"]
features = [ ]
dependencies = [ "bloomery-content-0.1.0", "bloomery-ui-0.1.0", "tokio-1.53.1", "topcoat-0.9.0" ]
proc-macro = false
edition = "2024"

[packages."bloomery-ui-0.1.0"]
features = [ ]
dependencies = [ "bloomery-content-0.1.0", "topcoat-0.9.0" ]
proc-macro = false
edition = "2024"

[packages."brotli-8.0.4"]
features = [ "alloc-stdlib", "default", "std" ]
dependencies = [ "alloc-no-stdlib-2.0.4", "alloc-stdlib-0.2.4", "brotli-decompressor-5.0.3" ]
proc-macro = false
edition = "2015"

[packages."brotli-decompressor-5.0.3"]
features = [ "alloc-stdlib", "std" ]
dependencies = [ "alloc-no-stdlib-2.0.4", "alloc-stdlib-0.2.4" ]
proc-macro = false
edition = "2015"

[packages."bumpalo-3.20.3"]
features = [ "default" ]
dependencies = [ ]
proc-macro = false
edition = "2021"

[packages."bytes-1.12.1"]
features = [ "default", "std" ]
dependencies = [ ]
proc-macro = false
edition = "2021"

[packages."cfg-if-1.0.5"]
features = [ ]
dependencies = [ ]
proc-macro = false
edition = "2018"

[packages."cipher-0.4.4"]
features = [ ]
dependencies = [ "crypto-common-0.1.7", "inout-0.1.4" ]
proc-macro = false
edition = "2021"

[packages."compression-codecs-0.4.43"]
features = [ "brotli", "flate2", "gzip", "memchr" ]
dependencies = [ "brotli-8.0.4", "compression-core-0.4.33", "flate2-1.1.10", "memchr-2.8.3" ]
proc-macro = false
edition = "2018"

[packages."compression-core-0.4.33"]
features = [ ]
dependencies = [ ]
proc-macro = false
edition = "2018"

[packages."const-oid-0.10.2"]
features = [ ]
dependencies = [ ]
proc-macro = false
edition = "2024"

[packages."cookie-0.18.2"]
features = [ "aes-gcm", "base64", "hkdf", "hmac", "key-expansion", "percent-encode", "percent-encoding", "private", "rand", "secure", "sha2", "signed", "subtle" ]
dependencies = [ "aes-gcm-0.10.3", "base64-0.22.1", "hkdf-0.12.4", "hmac-0.12.1", "percent-encoding-2.3.2", "rand-0.8.8", "sha2-0.10.9", "subtle-2.6.1", "time-0.3.55", "version_check-0.9.5" ]
proc-macro = false
edition = "2018"

[packages."cpufeatures-0.2.17"]
features = [ ]
dependencies = [ "libc-0.2.189" ]
proc-macro = false
edition = "2018"

[packages."cpufeatures-0.3.1"]
features = [ ]
dependencies = [ "libc-0.2.189" ]
proc-macro = false
edition = "2024"

[packages."crc32fast-1.5.2"]
features = [ "std" ]
dependencies = [ "cfg-if-1.0.5" ]
proc-macro = false
edition = "2021"

[packages."crypto-common-0.1.7"]
features = [ "getrandom", "rand_core", "std" ]
dependencies = [ "generic-array-0.14.7", "rand_core-0.6.4", "typenum-1.20.1" ]
proc-macro = false
edition = "2018"

[packages."crypto-common-0.2.2"]
features = [ ]
dependencies = [ "hybrid-array-0.4.15" ]
proc-macro = false
edition = "2024"

[packages."ctr-0.9.2"]
features = [ ]
dependencies = [ "cipher-0.4.4" ]
proc-macro = false
edition = "2021"

[packages."data-encoding-2.11.1"]
features = [ "alloc", "default", "std" ]
dependencies = [ ]
proc-macro = false
edition = "2018"

[packages."deranged-0.5.8"]
features = [ "default" ]
dependencies = [ ]
proc-macro = false
edition = "2021"

[packages."digest-0.10.7"]
features = [ "alloc", "block-buffer", "core-api", "default", "mac", "std", "subtle" ]
dependencies = [ "block-buffer-0.10.4", "crypto-common-0.1.7", "subtle-2.6.1" ]
proc-macro = false
edition = "2018"

[packages."digest-0.11.3"]
features = [ "alloc", "block-api", "default", "oid" ]
dependencies = [ "block-buffer-0.12.1", "const-oid-0.10.2", "crypto-common-0.2.2" ]
proc-macro = false
edition = "2024"

[packages."displaydoc-0.2.7"]
features = [ ]
dependencies = [ "proc-macro2-1.0.107", "quote-1.0.47", "syn-3.0.6" ]
proc-macro = true
edition = "2021"

[packages."elsa-1.11.2"]
features = [ "default" ]
dependencies = [ "stable_deref_trait-1.2.1" ]
proc-macro = false
edition = "2018"

[packages."email-encoding-0.4.2"]
features = [ "default", "std" ]
dependencies = [ "base64-0.23.1", "memchr-2.8.3" ]
proc-macro = false
edition = "2024"

[packages."email_address-0.2.9"]
features = [ ]
dependencies = [ ]
proc-macro = false
edition = "2018"

[packages."equivalent-1.0.2"]
features = [ ]
dependencies = [ ]
proc-macro = false
edition = "2015"

[packages."errno-0.3.14"]
features = [ "default", "std" ]
dependencies = [ "libc-0.2.189", "windows-sys-0.61.2" ]
proc-macro = false
edition = "2018"

[packages."fastrand-2.5.0"]
features = [ "alloc", "default", "std" ]
dependencies = [ ]
proc-macro = false
edition = "2018"

[packages."flate2-1.1.10"]
features = [ "any_impl", "default", "miniz_oxide", "runtime_detection", "rust_backend" ]
dependencies = [ "crc32fast-1.5.2", "miniz_oxide-0.9.1", "zlib-rs-0.6.8" ]
proc-macro = false
edition = "2018"

[packages."fnv-1.0.7"]
features = [ "default", "std" ]
dependencies = [ ]
proc-macro = false
edition = "2015"

[packages."form_urlencoded-1.2.2"]
features = [ "alloc", "default", "std" ]
dependencies = [ "percent-encoding-2.3.2" ]
proc-macro = false
edition = "2018"

[packages."futures-channel-0.3.34"]
features = [ "alloc", "default", "std" ]
dependencies = [ "futures-core-0.3.34" ]
proc-macro = false
edition = "2018"

[packages."futures-core-0.3.34"]
features = [ "alloc", "default", "std" ]
dependencies = [ ]
proc-macro = false
edition = "2018"

[packages."futures-macro-0.3.34"]
features = [ ]
dependencies = [ "proc-macro2-1.0.107", "quote-1.0.47", "syn-3.0.6" ]
proc-macro = true
edition = "2018"

[packages."futures-sink-0.3.34"]
features = [ "alloc", "default", "std" ]
dependencies = [ ]
proc-macro = false
edition = "2018"

[packages."futures-task-0.3.34"]
features = [ "alloc", "std" ]
dependencies = [ ]
proc-macro = false
edition = "2018"

[packages."futures-util-0.3.34"]
features = [ "alloc", "async-await", "async-await-macro", "default", "futures-macro", "futures-sink", "sink", "slab", "std" ]
dependencies = [ "futures-core-0.3.34", "futures-macro-0.3.34", "futures-sink-0.3.34", "futures-task-0.3.34", "pin-project-lite-0.2.17", "slab-0.4.12" ]
proc-macro = false
edition = "2018"

[packages."generic-array-0.14.7"]
features = [ "more_lengths" ]
dependencies = [ "typenum-1.20.1", "version_check-0.9.5" ]
proc-macro = false
edition = "2015"

[packages."getrandom-0.2.17"]
features = [ "js", "js-sys", "std", "wasm-bindgen" ]
dependencies = [ "cfg-if-1.0.5", "js-sys-0.3.106", "libc-0.2.189", "wasi-0.11.1+wasi-snapshot-preview1", "wasm-bindgen-0.2.129" ]
proc-macro = false
edition = "2018"

[packages."getrandom-0.3.4"]
features = [ "std" ]
dependencies = [ "cfg-if-1.0.5", "libc-0.2.189", "r-efi-5.3.0", "wasip2-1.0.4+wasi-0.2.12" ]
proc-macro = false
edition = "2021"

[packages."getrandom-0.4.3"]
features = [ "wasm_js" ]
dependencies = [ "cfg-if-1.0.5", "js-sys-0.3.106", "libc-0.2.189", "r-efi-6.0.0", "wasm-bindgen-0.2.129" ]
proc-macro = false
edition = "2024"

[packages."ghash-0.5.1"]
features = [ ]
dependencies = [ "opaque-debug-0.3.1", "polyval-0.6.2" ]
proc-macro = false
edition = "2021"

[packages."h2-0.4.19"]
features = [ ]
dependencies = [ "atomic-waker-1.1.2", "bytes-1.12.1", "fnv-1.0.7", "futures-core-0.3.34", "futures-sink-0.3.34", "http-1.5.0", "indexmap-2.14.2", "slab-0.4.12", "tokio-1.53.1", "tokio-util-0.7.19", "tracing-0.1.44" ]
proc-macro = false
edition = "2021"

[packages."hashbrown-0.17.1"]
features = [ ]
dependencies = [ ]
proc-macro = false
edition = "2024"

[packages."heck-0.5.0"]
features = [ ]
dependencies = [ ]
proc-macro = false
edition = "2021"

[packages."hkdf-0.12.4"]
features = [ ]
dependencies = [ "hmac-0.12.1" ]
proc-macro = false
edition = "2018"

[packages."hmac-0.12.1"]
features = [ ]
dependencies = [ "digest-0.10.7" ]
proc-macro = false
edition = "2018"

[packages."hostname-0.4.2"]
features = [ "default" ]
dependencies = [ "cfg-if-1.0.5", "libc-0.2.189", "windows-link-0.2.1" ]
proc-macro = false
edition = "2021"

[packages."http-1.5.0"]
features = [ "default", "std" ]
dependencies = [ "bytes-1.12.1", "itoa-1.0.18" ]
proc-macro = false
edition = "2021"

[packages."http-body-1.1.0"]
features = [ ]
dependencies = [ "bytes-1.12.1", "http-1.5.0" ]
proc-macro = false
edition = "2018"

[packages."http-body-util-0.1.5"]
features = [ "default" ]
dependencies = [ "bytes-1.12.1", "futures-core-0.3.34", "http-1.5.0", "http-body-1.1.0", "pin-project-lite-0.2.17" ]
proc-macro = false
edition = "2018"

[packages."httparse-1.10.1"]
features = [ "default", "std" ]
dependencies = [ ]
proc-macro = false
edition = "2018"

[packages."httpdate-1.0.3"]
features = [ ]
dependencies = [ ]
proc-macro = false
edition = "2021"

[packages."hybrid-array-0.4.15"]
features = [ ]
dependencies = [ "typenum-1.20.1" ]
proc-macro = false
edition = "2024"

[packages."hyper-1.11.1"]
features = [ "default", "http1", "http2", "server" ]
dependencies = [ "atomic-waker-1.1.2", "bytes-1.12.1", "futures-channel-0.3.34", "futures-core-0.3.34", "h2-0.4.19", "http-1.5.0", "http-body-1.1.0", "httparse-1.10.1", "httpdate-1.0.3", "itoa-1.0.18", "pin-project-lite-0.2.17", "smallvec-1.16.2", "tokio-1.53.1" ]
proc-macro = false
edition = "2021"

[packages."hyper-util-0.1.21"]
features = [ "default", "http1", "http2", "server", "server-auto", "tokio" ]
dependencies = [ "bytes-1.12.1", "http-1.5.0", "http-body-1.1.0", "hyper-1.11.1", "pin-project-lite-0.2.17", "tokio-1.53.1" ]
proc-macro = false
edition = "2024"

[packages."icu_collections-2.3.0"]
features = [ ]
dependencies = [ "displaydoc-0.2.7", "potential_utf-0.1.6", "utf8_iter-1.0.4", "yoke-0.8.3", "zerofrom-0.1.8", "zerovec-0.11.8" ]
proc-macro = false
edition = "2024"

[packages."icu_locale_core-2.3.0"]
features = [ "zerovec" ]
dependencies = [ "displaydoc-0.2.7", "litemap-0.8.3", "tinystr-0.8.4", "writeable-0.6.4", "zerovec-0.11.8" ]
proc-macro = false
edition = "2024"

[packages."icu_normalizer-2.3.0"]
features = [ "compiled_data" ]
dependencies = [ "icu_collections-2.3.0", "icu_normalizer_data-2.3.0", "icu_properties-2.3.0", "icu_provider-2.3.1", "smallvec-1.16.2", "zerovec-0.11.8" ]
proc-macro = false
edition = "2024"

[packages."icu_normalizer_data-2.3.0"]
features = [ ]
dependencies = [ ]
proc-macro = false
edition = "2024"

[packages."icu_properties-2.3.0"]
features = [ "compiled_data" ]
dependencies = [ "displaydoc-0.2.7", "icu_collections-2.3.0", "icu_locale_core-2.3.0", "icu_properties_data-2.3.0", "icu_provider-2.3.1", "zerotrie-0.2.5", "zerovec-0.11.8" ]
proc-macro = false
edition = "2024"

[packages."icu_properties_data-2.3.0"]
features = [ ]
dependencies = [ ]
proc-macro = false
edition = "2024"

[packages."icu_provider-2.3.1"]
features = [ "baked" ]
dependencies = [ "displaydoc-0.2.7", "icu_locale_core-2.3.0", "writeable-0.6.4", "yoke-0.8.3", "zerofrom-0.1.8", "zerotrie-0.2.5", "zerovec-0.11.8" ]
proc-macro = false
edition = "2024"

[packages."idna-1.1.0"]
features = [ "alloc", "compiled_data", "default", "std" ]
dependencies = [ "idna_adapter-1.2.2", "smallvec-1.16.2", "utf8_iter-1.0.4" ]
proc-macro = false
edition = "2018"

[packages."idna_adapter-1.2.2"]
features = [ "compiled_data" ]
dependencies = [ "icu_normalizer-2.3.0", "icu_properties-2.3.0" ]
proc-macro = false
edition = "2024"

[packages."indexmap-2.14.2"]
features = [ "default", "std" ]
dependencies = [ "equivalent-1.0.2", "hashbrown-0.17.1" ]
proc-macro = false
edition = "2024"

[packages."inout-0.1.4"]
features = [ ]
dependencies = [ "generic-array-0.14.7" ]
proc-macro = false
edition = "2021"

[packages."ipnet-2.12.2"]
features = [ "default", "std" ]
dependencies = [ ]
proc-macro = false
edition = "2018"

[packages."itoa-1.0.18"]
features = [ ]
dependencies = [ ]
proc-macro = false
edition = "2021"

[packages."js-sys-0.3.106"]
features = [ "default", "std", "unsafe-eval" ]
dependencies = [ "cfg-if-1.0.5", "futures-util-0.3.34", "wasm-bindgen-0.2.129" ]
proc-macro = false
edition = "2021"

[packages."lettre-0.11.23"]
features = [ "builder", "hostname" ]
dependencies = [ "email-encoding-0.4.2", "email_address-0.2.9", "fastrand-2.5.0", "hostname-0.4.2", "httpdate-1.0.3", "idna-1.1.0", "mime-0.3.17", "nom-8.0.0", "quoted_printable-0.5.2" ]
proc-macro = false
edition = "2024"

[packages."libc-0.2.189"]
features = [ "default", "std" ]
dependencies = [ ]
proc-macro = false
edition = "2021"

[packages."litemap-0.8.3"]
features = [ ]
dependencies = [ ]
proc-macro = false
edition = "2021"

[packages."log-0.4.34"]
features = [ ]
dependencies = [ ]
proc-macro = false
edition = "2021"

[packages."matchit-0.9.2"]
features = [ "default" ]
dependencies = [ ]
proc-macro = false
edition = "2021"

[packages."memchr-2.8.3"]
features = [ "alloc", "default", "std" ]
dependencies = [ ]
proc-macro = false
edition = "2021"

[packages."mime-0.3.17"]
features = [ ]
dependencies = [ ]
proc-macro = false
edition = "2015"

[packages."miniz_oxide-0.9.1"]
features = [ "default", "simd", "simd-adler32", "with-alloc" ]
dependencies = [ "adler2-2.0.1", "simd-adler32-0.3.10" ]
proc-macro = false
edition = "2021"

[packages."mio-1.2.3"]
features = [ "net", "os-ext", "os-poll" ]
dependencies = [ "libc-0.2.189", "wasi-0.11.1+wasi-snapshot-preview1", "windows-sys-0.61.2" ]
proc-macro = false
edition = "2021"

[packages."nom-8.0.0"]
features = [ "alloc", "default", "std" ]
dependencies = [ "memchr-2.8.3" ]
proc-macro = false
edition = "2021"

[packages."num-conv-0.2.2"]
features = [ ]
dependencies = [ ]
proc-macro = false
edition = "2021"

[packages."once_cell-1.21.4"]
features = [ "alloc", "default", "race", "std" ]
dependencies = [ ]
proc-macro = false
edition = "2021"

[packages."opaque-debug-0.3.1"]
features = [ ]
dependencies = [ ]
proc-macro = false
edition = "2018"

[packages."percent-encoding-2.3.2"]
features = [ "alloc", "default", "std" ]
dependencies = [ ]
proc-macro = false
edition = "2018"

[packages."pin-project-lite-0.2.17"]
features = [ ]
dependencies = [ ]
proc-macro = false
edition = "2018"

[packages."polyval-0.6.2"]
features = [ ]
dependencies = [ "cfg-if-1.0.5", "cpufeatures-0.2.17", "opaque-debug-0.3.1", "universal-hash-0.5.1" ]
proc-macro = false
edition = "2021"

[packages."potential_utf-0.1.6"]
features = [ "zerovec" ]
dependencies = [ "zerovec-0.11.8" ]
proc-macro = false
edition = "2021"

[packages."powerfmt-0.2.0"]
features = [ ]
dependencies = [ ]
proc-macro = false
edition = "2021"

[packages."ppv-lite86-0.2.21"]
features = [ "simd", "std" ]
dependencies = [ "zerocopy-0.8.59" ]
proc-macro = false
edition = "2021"

[packages."proc-macro-crate-3.5.0"]
features = [ ]
dependencies = [ "toml_edit-0.25.15+spec-1.1.0" ]
proc-macro = false
edition = "2021"

[packages."proc-macro2-1.0.107"]
features = [ "default", "proc-macro", "span-locations" ]
dependencies = [ "unicode-ident-1.0.26" ]
proc-macro = false
edition = "2021"

[packages."quote-1.0.47"]
features = [ "default", "proc-macro" ]
dependencies = [ "proc-macro2-1.0.107" ]
proc-macro = false
edition = "2021"

[packages."quoted_printable-0.5.2"]
features = [ "default", "std" ]
dependencies = [ ]
proc-macro = false
edition = "2018"

[packages."r-efi-5.3.0"]
features = [ ]
dependencies = [ ]
proc-macro = false
edition = "2018"

[packages."r-efi-6.0.0"]
features = [ ]
dependencies = [ ]
proc-macro = false
edition = "2018"

[packages."rand-0.8.8"]
features = [ "alloc", "default", "getrandom", "libc", "rand_chacha", "std", "std_rng" ]
dependencies = [ "libc-0.2.189", "rand_chacha-0.3.1", "rand_core-0.6.4" ]
proc-macro = false
edition = "2018"

[packages."rand-0.9.5"]
features = [ "alloc", "default", "os_rng", "small_rng", "std", "std_rng", "thread_rng" ]
dependencies = [ "rand_chacha-0.9.0", "rand_core-0.9.5" ]
proc-macro = false
edition = "2021"

[packages."rand_chacha-0.3.1"]
features = [ "std" ]
dependencies = [ "ppv-lite86-0.2.21", "rand_core-0.6.4" ]
proc-macro = false
edition = "2018"

[packages."rand_chacha-0.9.0"]
features = [ "std" ]
dependencies = [ "ppv-lite86-0.2.21", "rand_core-0.9.5" ]
proc-macro = false
edition = "2021"

[packages."rand_core-0.6.4"]
features = [ "alloc", "getrandom", "std" ]
dependencies = [ "getrandom-0.2.17" ]
proc-macro = false
edition = "2018"

[packages."rand_core-0.9.5"]
features = [ "os_rng", "std" ]
dependencies = [ "getrandom-0.3.4" ]
proc-macro = false
edition = "2021"

[packages."ref-cast-1.0.27"]
features = [ ]
dependencies = [ "ref-cast-impl-1.0.27" ]
proc-macro = false
edition = "2021"

[packages."ref-cast-impl-1.0.27"]
features = [ ]
dependencies = [ "proc-macro2-1.0.107", "quote-1.0.47", "syn-3.0.6" ]
proc-macro = true
edition = "2021"

[packages."rustversion-1.0.23"]
features = [ ]
dependencies = [ ]
proc-macro = true
edition = "2018"

[packages."ryu-1.0.23"]
features = [ ]
dependencies = [ ]
proc-macro = false
edition = "2021"

[packages."serde-1.0.229"]
features = [ "default", "derive", "serde_derive", "std" ]
dependencies = [ "serde_core-1.0.229", "serde_derive-1.0.229" ]
proc-macro = false
edition = "2021"

[packages."serde_core-1.0.229"]
features = [ "alloc", "result", "std" ]
dependencies = [ "serde_derive-1.0.229" ]
proc-macro = false
edition = "2021"

[packages."serde_derive-1.0.229"]
features = [ "default" ]
dependencies = [ "proc-macro2-1.0.107", "quote-1.0.47", "syn-3.0.6" ]
proc-macro = true
edition = "2021"

[packages."serde_json-1.0.151"]
features = [ "default", "std" ]
dependencies = [ "itoa-1.0.18", "memchr-2.8.3", "serde-1.0.229", "serde_core-1.0.229", "zmij-1.0.23" ]
proc-macro = false
edition = "2021"

[packages."serde_path_to_error-0.1.20"]
features = [ ]
dependencies = [ "itoa-1.0.18", "serde-1.0.229", "serde_core-1.0.229" ]
proc-macro = false
edition = "2021"

[packages."serde_spanned-1.1.1"]
features = [ "alloc", "serde", "std" ]
dependencies = [ "serde_core-1.0.229" ]
proc-macro = false
edition = "2024"

[packages."serde_urlencoded-0.7.1"]
features = [ ]
dependencies = [ "form_urlencoded-1.2.2", "itoa-1.0.18", "ryu-1.0.23", "serde-1.0.229" ]
proc-macro = false
edition = "2018"

[packages."sha1-0.10.7"]
features = [ "default", "std" ]
dependencies = [ "cfg-if-1.0.5", "cpufeatures-0.2.17", "digest-0.10.7" ]
proc-macro = false
edition = "2018"

[packages."sha2-0.10.9"]
features = [ "default", "std" ]
dependencies = [ "cfg-if-1.0.5", "cpufeatures-0.2.17", "digest-0.10.7" ]
proc-macro = false
edition = "2018"

[packages."sha2-0.11.0"]
features = [ "alloc", "default", "oid" ]
dependencies = [ "cfg-if-1.0.5", "cpufeatures-0.3.1", "digest-0.11.3" ]
proc-macro = false
edition = "2024"

[packages."signal-hook-registry-1.4.8"]
features = [ ]
dependencies = [ "errno-0.3.14", "libc-0.2.189" ]
proc-macro = false
edition = "2015"

[packages."simd-adler32-0.3.10"]
features = [ ]
dependencies = [ ]
proc-macro = false
edition = "2018"

[packages."siphasher-1.0.4"]
features = [ "default", "std" ]
dependencies = [ ]
proc-macro = false
edition = "2018"

[packages."slab-0.4.12"]
features = [ "default", "std" ]
dependencies = [ ]
proc-macro = false
edition = "2018"

[packages."smallvec-1.16.2"]
features = [ "const_generics", "const_new" ]
dependencies = [ ]
proc-macro = false
edition = "2018"

[packages."socket2-0.6.5"]
features = [ "all" ]
dependencies = [ "libc-0.2.189", "windows-sys-0.61.2" ]
proc-macro = false
edition = "2021"

[packages."stable_deref_trait-1.2.1"]
features = [ "alloc", "default", "std" ]
dependencies = [ ]
proc-macro = false
edition = "2015"

[packages."subtle-2.6.1"]
features = [ "default", "i128", "std" ]
dependencies = [ ]
proc-macro = false
edition = "2018"

[packages."syn-2.0.119"]
features = [ "clone-impls", "default", "derive", "full", "parsing", "printing", "proc-macro" ]
dependencies = [ "proc-macro2-1.0.107", "quote-1.0.47", "unicode-ident-1.0.26" ]
proc-macro = false
edition = "2021"

[packages."syn-3.0.6"]
features = [ "clone-impls", "default", "derive", "extra-traits", "fold", "full", "parsing", "printing", "proc-macro", "visit", "visit-mut" ]
dependencies = [ "proc-macro2-1.0.107", "quote-1.0.47", "unicode-ident-1.0.26" ]
proc-macro = false
edition = "2021"

[packages."sync_wrapper-1.0.2"]
features = [ ]
dependencies = [ ]
proc-macro = false
edition = "2021"

[packages."synstructure-0.14.0"]
features = [ "default", "proc-macro" ]
dependencies = [ "proc-macro2-1.0.107", "quote-1.0.47", "syn-3.0.6" ]
proc-macro = false
edition = "2018"

[packages."thiserror-2.0.21"]
features = [ "default", "std" ]
dependencies = [ "thiserror-impl-2.0.21" ]
proc-macro = false
edition = "2021"

[packages."thiserror-impl-2.0.21"]
features = [ ]
dependencies = [ "proc-macro2-1.0.107", "quote-1.0.47", "syn-3.0.6" ]
proc-macro = true
edition = "2021"

[packages."time-0.3.55"]
features = [ "alloc", "default", "formatting", "macros", "parsing", "std" ]
dependencies = [ "deranged-0.5.8", "num-conv-0.2.2", "powerfmt-0.2.0", "serde_core-1.0.229", "time-core-0.1.9", "time-macros-0.2.32" ]
proc-macro = false
edition = "2024"

[packages."time-core-0.1.9"]
features = [ ]
dependencies = [ ]
proc-macro = false
edition = "2024"

[packages."time-macros-0.2.32"]
features = [ "formatting", "parsing" ]
dependencies = [ "num-conv-0.2.2", "time-core-0.1.9" ]
proc-macro = true
edition = "2024"

[packages."tinystr-0.8.4"]
features = [ "zerovec" ]
dependencies = [ "displaydoc-0.2.7", "zerovec-0.11.8" ]
proc-macro = false
edition = "2021"

[packages."tokio-1.53.1"]
features = [ "bytes", "default", "fs", "io-util", "libc", "macros", "mio", "net", "rt", "rt-multi-thread", "signal", "signal-hook-registry", "socket2", "sync", "time", "tokio-macros", "windows-sys" ]
dependencies = [ "bytes-1.12.1", "libc-0.2.189", "mio-1.2.3", "pin-project-lite-0.2.17", "signal-hook-registry-1.4.8", "socket2-0.6.5", "tokio-macros-2.7.2", "windows-sys-0.61.2" ]
proc-macro = false
edition = "2021"

[packages."tokio-macros-2.7.2"]
features = [ ]
dependencies = [ "proc-macro2-1.0.107", "quote-1.0.47", "syn-3.0.6" ]
proc-macro = true
edition = "2021"

[packages."tokio-tungstenite-0.29.0"]
features = [ "connect", "handshake", "stream" ]
dependencies = [ "futures-util-0.3.34", "log-0.4.34", "tokio-1.53.1", "tungstenite-0.29.0" ]
proc-macro = false
edition = "2018"

[packages."tokio-util-0.7.19"]
features = [ "codec", "default", "io", "libc" ]
dependencies = [ "bytes-1.12.1", "futures-core-0.3.34", "futures-sink-0.3.34", "libc-0.2.189", "pin-project-lite-0.2.17", "tokio-1.53.1" ]
proc-macro = false
edition = "2021"

[packages."toml-1.1.6+spec-1.1.0"]
features = [ "default", "display", "parse", "serde", "std" ]
dependencies = [ "indexmap-2.14.2", "serde_core-1.0.229", "serde_spanned-1.1.1", "toml_datetime-1.1.1+spec-1.1.0", "toml_parser-1.1.3+spec-1.1.0", "toml_writer-1.1.2+spec-1.1.0", "winnow-1.0.4" ]
proc-macro = false
edition = "2024"

[packages."toml_datetime-1.1.1+spec-1.1.0"]
features = [ "alloc", "default", "serde", "std" ]
dependencies = [ "serde_core-1.0.229" ]
proc-macro = false
edition = "2024"

[packages."toml_edit-0.25.15+spec-1.1.0"]
features = [ "parse" ]
dependencies = [ "indexmap-2.14.2", "toml_datetime-1.1.1+spec-1.1.0", "toml_parser-1.1.3+spec-1.1.0", "winnow-1.0.4" ]
proc-macro = false
edition = "2024"

[packages."toml_parser-1.1.3+spec-1.1.0"]
features = [ "alloc", "default", "std" ]
dependencies = [ "winnow-1.0.4" ]
proc-macro = false
edition = "2024"

[packages."toml_writer-1.1.2+spec-1.1.0"]
features = [ "alloc", "std" ]
dependencies = [ ]
proc-macro = false
edition = "2024"

[packages."topcoat-0.9.0"]
features = [ "asset", "compression", "router", "serve", "view" ]
dependencies = [ "futures-util-0.3.34", "serde-1.0.229", "tokio-1.53.1", "tokio-tungstenite-0.29.0", "topcoat-asset-0.9.0", "topcoat-cookie-0.9.0", "topcoat-core-0.9.0", "topcoat-core-macro-0.9.0", "topcoat-font-0.9.0", "topcoat-font-macro-0.9.0", "topcoat-mail-0.9.0", "topcoat-router-0.9.0", "topcoat-router-macro-0.9.0", "topcoat-runtime-0.9.0", "topcoat-session-0.9.0", "topcoat-view-0.9.0", "topcoat-view-macro-0.9.0" ]
proc-macro = false
edition = "2024"

[packages."topcoat-asset-0.9.0"]
features = [ "default", "router", "serve", "view" ]
dependencies = [ "http-1.5.0", "memchr-2.8.3", "serde-1.0.229", "sha2-0.11.0", "thiserror-2.0.21", "tokio-1.53.1", "toml-1.1.6+spec-1.1.0", "topcoat-core-0.9.0", "topcoat-router-0.9.0", "topcoat-view-0.9.0" ]
proc-macro = false
edition = "2024"

[packages."topcoat-cookie-0.9.0"]
features = [ "router" ]
dependencies = [ "cookie-0.18.2", "getrandom-0.2.17", "http-1.5.0", "serde-1.0.229", "serde_json-1.0.151", "topcoat-core-0.9.0", "topcoat-router-0.9.0" ]
proc-macro = false
edition = "2024"

[packages."topcoat-core-0.9.0"]
features = [ ]
dependencies = [ "anymap3-1.1.0", "base64-0.22.1", "elsa-1.11.2", "http-1.5.0", "pin-project-lite-0.2.17", "siphasher-1.0.4", "thiserror-2.0.21", "tokio-1.53.1" ]
proc-macro = false
edition = "2024"

[packages."topcoat-core-grammar-0.9.0"]
features = [ ]
dependencies = [ "proc-macro-crate-3.5.0", "proc-macro2-1.0.107", "quote-1.0.47", "syn-3.0.6" ]
proc-macro = false
edition = "2024"

[packages."topcoat-core-macro-0.9.0"]
features = [ ]
dependencies = [ "quote-1.0.47", "syn-3.0.6", "topcoat-core-grammar-0.9.0" ]
proc-macro = true
edition = "2024"

[packages."topcoat-font-0.9.0"]
features = [ "asset", "router", "view" ]
dependencies = [ "heck-0.5.0", "serde-1.0.229", "serde_json-1.0.151", "topcoat-asset-0.9.0", "topcoat-core-0.9.0", "topcoat-router-0.9.0", "topcoat-view-0.9.0", "topcoat-view-macro-0.9.0" ]
proc-macro = false
edition = "2024"

[packages."topcoat-font-grammar-0.9.0"]
features = [ "asset" ]
dependencies = [ "proc-macro2-1.0.107", "quote-1.0.47", "syn-3.0.6", "topcoat-core-grammar-0.9.0", "topcoat-font-0.9.0" ]
proc-macro = false
edition = "2024"

[packages."topcoat-font-macro-0.9.0"]
features = [ "asset" ]
dependencies = [ "quote-1.0.47", "syn-3.0.6", "topcoat-font-grammar-0.9.0" ]
proc-macro = true
edition = "2024"

[packages."topcoat-mail-0.9.0"]
features = [ "router" ]
dependencies = [ "lettre-0.11.23", "thiserror-2.0.21", "time-0.3.55", "topcoat-core-0.9.0", "topcoat-router-0.9.0", "topcoat-view-0.9.0" ]
proc-macro = false
edition = "2024"

[packages."topcoat-router-0.9.0"]
features = [ "compression", "serve", "websocket" ]
dependencies = [ "bytes-1.12.1", "form_urlencoded-1.2.2", "futures-core-0.3.34", "futures-sink-0.3.34", "futures-util-0.3.34", "heck-0.5.0", "http-1.5.0", "http-body-1.1.0", "http-body-util-0.1.5", "hyper-1.11.1", "hyper-util-0.1.21", "ipnet-2.12.2", "matchit-0.9.2", "percent-encoding-2.3.2", "pin-project-lite-0.2.17", "ref-cast-1.0.27", "serde-1.0.229", "serde_json-1.0.151", "serde_path_to_error-0.1.20", "serde_urlencoded-0.7.1", "tokio-1.53.1", "tokio-tungstenite-0.29.0", "topcoat-core-0.9.0", "topcoat-view-0.9.0", "tower-0.5.3", "tower-http-0.7.1" ]
proc-macro = false
edition = "2024"

[packages."topcoat-router-grammar-0.9.0"]
features = [ ]
dependencies = [ "heck-0.5.0", "proc-macro2-1.0.107", "quote-1.0.47", "syn-3.0.6", "topcoat-core-grammar-0.9.0" ]
proc-macro = false
edition = "2024"

[packages."topcoat-router-macro-0.9.0"]
features = [ ]
dependencies = [ "quote-1.0.47", "syn-3.0.6", "topcoat-router-grammar-0.9.0" ]
proc-macro = true
edition = "2024"

[packages."topcoat-runtime-0.9.0"]
features = [ "router" ]
dependencies = [ "futures-util-0.3.34", "pin-project-lite-0.2.17", "ref-cast-1.0.27", "serde-1.0.229", "serde_json-1.0.151", "tokio-1.53.1", "topcoat-asset-0.9.0", "topcoat-core-0.9.0", "topcoat-router-0.9.0", "topcoat-view-0.9.0" ]
proc-macro = false
edition = "2024"

[packages."topcoat-session-0.9.0"]
features = [ "router" ]
dependencies = [ "base64-0.22.1", "getrandom-0.4.3", "sha2-0.11.0", "thiserror-2.0.21", "tokio-1.53.1", "topcoat-core-0.9.0", "topcoat-router-0.9.0", "web-time-1.1.0" ]
proc-macro = false
edition = "2024"

[packages."topcoat-view-0.9.0"]
features = [ "http" ]
dependencies = [ "futures-core-0.3.34", "futures-util-0.3.34", "http-1.5.0", "memchr-2.8.3", "pin-project-lite-0.2.17", "siphasher-1.0.4", "smallvec-1.16.2", "topcoat-core-0.9.0" ]
proc-macro = false
edition = "2024"

[packages."topcoat-view-grammar-0.9.0"]
features = [ ]
dependencies = [ "heck-0.5.0", "proc-macro2-1.0.107", "quote-1.0.47", "syn-3.0.6", "topcoat-core-grammar-0.9.0", "topcoat-view-0.9.0" ]
proc-macro = false
edition = "2024"

[packages."topcoat-view-macro-0.9.0"]
features = [ ]
dependencies = [ "quote-1.0.47", "syn-3.0.6", "topcoat-view-grammar-0.9.0" ]
proc-macro = true
edition = "2024"

[packages."tower-0.5.3"]
features = [ "futures-core", "futures-util", "pin-project-lite", "sync_wrapper", "util" ]
dependencies = [ "futures-core-0.3.34", "futures-util-0.3.34", "pin-project-lite-0.2.17", "sync_wrapper-1.0.2", "tower-layer-0.3.3", "tower-service-0.3.3" ]
proc-macro = false
edition = "2018"

[packages."tower-http-0.7.1"]
features = [ "compression-br", "compression-gzip", "default", "futures-core", "tokio-util" ]
dependencies = [ "async-compression-0.4.48", "bitflags-2.13.2", "bytes-1.12.1", "futures-core-0.3.34", "http-1.5.0", "http-body-1.1.0", "percent-encoding-2.3.2", "pin-project-lite-0.2.17", "tokio-1.53.1", "tokio-util-0.7.19", "tower-layer-0.3.3", "tower-service-0.3.3" ]
proc-macro = false
edition = "2018"

[packages."tower-layer-0.3.3"]
features = [ ]
dependencies = [ ]
proc-macro = false
edition = "2018"

[packages."tower-service-0.3.3"]
features = [ ]
dependencies = [ ]
proc-macro = false
edition = "2018"

[packages."tracing-0.1.44"]
features = [ "std" ]
dependencies = [ "pin-project-lite-0.2.17", "tracing-core-0.1.36" ]
proc-macro = false
edition = "2018"

[packages."tracing-core-0.1.36"]
features = [ "once_cell", "std" ]
dependencies = [ "once_cell-1.21.4" ]
proc-macro = false
edition = "2018"

[packages."tungstenite-0.29.0"]
features = [ "data-encoding", "handshake", "http", "httparse", "sha1" ]
dependencies = [ "bytes-1.12.1", "data-encoding-2.11.1", "http-1.5.0", "httparse-1.10.1", "log-0.4.34", "rand-0.9.5", "sha1-0.10.7", "thiserror-2.0.21" ]
proc-macro = false
edition = "2021"

[packages."typenum-1.20.1"]
features = [ "const-generics" ]
dependencies = [ ]
proc-macro = false
edition = "2018"

[packages."unicode-ident-1.0.26"]
features = [ ]
dependencies = [ ]
proc-macro = false
edition = "2021"

[packages."universal-hash-0.5.1"]
features = [ ]
dependencies = [ "crypto-common-0.1.7", "subtle-2.6.1" ]
proc-macro = false
edition = "2021"

[packages."utf8_iter-1.0.4"]
features = [ ]
dependencies = [ ]
proc-macro = false
edition = "2021"

[packages."version_check-0.9.5"]
features = [ ]
dependencies = [ ]
proc-macro = false
edition = "2015"

[packages."wasi-0.11.1+wasi-snapshot-preview1"]
features = [ "default", "std" ]
dependencies = [ ]
proc-macro = false
edition = "2018"

[packages."wasip2-1.0.4+wasi-0.2.12"]
features = [ ]
dependencies = [ "wit-bindgen-0.57.1" ]
proc-macro = false
edition = "2021"

[packages."wasm-bindgen-0.2.129"]
features = [ "std" ]
dependencies = [ "cfg-if-1.0.5", "once_cell-1.21.4", "rustversion-1.0.23", "wasm-bindgen-macro-0.2.129", "wasm-bindgen-shared-0.2.129" ]
proc-macro = false
edition = "2021"

[packages."wasm-bindgen-macro-0.2.129"]
features = [ ]
dependencies = [ "quote-1.0.47", "wasm-bindgen-macro-support-0.2.129" ]
proc-macro = true
edition = "2021"

[packages."wasm-bindgen-macro-support-0.2.129"]
features = [ ]
dependencies = [ "bumpalo-3.20.3", "proc-macro2-1.0.107", "quote-1.0.47", "syn-3.0.6", "wasm-bindgen-shared-0.2.129" ]
proc-macro = false
edition = "2021"

[packages."wasm-bindgen-shared-0.2.129"]
features = [ ]
dependencies = [ "unicode-ident-1.0.26" ]
proc-macro = false
edition = "2021"

[packages."web-time-1.1.0"]
features = [ ]
dependencies = [ "js-sys-0.3.106", "wasm-bindgen-0.2.129" ]
proc-macro = false
edition = "2021"

[packages."windows-link-0.2.1"]
features = [ ]
dependencies = [ ]
proc-macro = false
edition = "2021"

[packages."windows-sys-0.61.2"]
features = [ "Wdk", "Wdk_Foundation", "Wdk_Storage", "Wdk_Storage_FileSystem", "Wdk_System", "Wdk_System_IO", "Win32", "Win32_Foundation", "Win32_Networking", "Win32_Networking_WinSock", "Win32_Security", "Win32_Storage", "Win32_Storage_FileSystem", "Win32_System", "Win32_System_Console", "Win32_System_Diagnostics", "Win32_System_Diagnostics_Debug", "Win32_System_IO", "Win32_System_Pipes", "Win32_System_SystemServices", "Win32_System_Threading", "Win32_System_WindowsProgramming", "default" ]
dependencies = [ "windows-link-0.2.1" ]
proc-macro = false
edition = "2021"

[packages."winnow-1.0.4"]
features = [ "alloc", "ascii", "binary", "default", "parser", "std" ]
dependencies = [ "memchr-2.8.3" ]
proc-macro = false
edition = "2021"

[packages."wit-bindgen-0.57.1"]
features = [ ]
dependencies = [ ]
proc-macro = false
edition = "2024"

[packages."writeable-0.6.4"]
features = [ ]
dependencies = [ ]
proc-macro = false
edition = "2021"

[packages."yoke-0.8.3"]
features = [ "derive", "zerofrom" ]
dependencies = [ "stable_deref_trait-1.2.1", "yoke-derive-0.8.3", "zerofrom-0.1.8" ]
proc-macro = false
edition = "2021"

[packages."yoke-derive-0.8.3"]
features = [ ]
dependencies = [ "proc-macro2-1.0.107", "quote-1.0.47", "syn-3.0.6", "synstructure-0.14.0" ]
proc-macro = true
edition = "2021"

[packages."zerocopy-0.8.59"]
features = [ "simd" ]
dependencies = [ "zerocopy-derive-0.8.59" ]
proc-macro = false
edition = "2021"

[packages."zerocopy-derive-0.8.59"]
features = [ ]
dependencies = [ "proc-macro2-1.0.107", "quote-1.0.47", "syn-2.0.119" ]
proc-macro = true
edition = "2021"

[packages."zerofrom-0.1.8"]
features = [ "derive" ]
dependencies = [ "zerofrom-derive-0.1.8" ]
proc-macro = false
edition = "2021"

[packages."zerofrom-derive-0.1.8"]
features = [ ]
dependencies = [ "proc-macro2-1.0.107", "quote-1.0.47", "syn-3.0.6", "synstructure-0.14.0" ]
proc-macro = true
edition = "2021"

[packages."zerotrie-0.2.5"]
features = [ "yoke", "zerofrom" ]
dependencies = [ "displaydoc-0.2.7", "yoke-0.8.3", "zerofrom-0.1.8" ]
proc-macro = false
edition = "2021"

[packages."zerovec-0.11.8"]
features = [ "derive", "yoke" ]
dependencies = [ "yoke-0.8.3", "zerofrom-0.1.8", "zerovec-derive-0.11.6" ]
proc-macro = false
edition = "2021"

[packages."zerovec-derive-0.11.6"]
features = [ ]
dependencies = [ "proc-macro2-1.0.107", "quote-1.0.47", "syn-3.0.6" ]
proc-macro = true
edition = "2021"

[packages."zlib-rs-0.6.8"]
features = [ "rust-allocator", "std" ]
dependencies = [ ]
proc-macro = false
edition = "2021"

[packages."zmij-1.0.23"]
features = [ ]
dependencies = [ ]
proc-macro = false
edition = "2021"

