# This file is automatically @generated by Bloomery.
# It is not intended for manual editing.
version = 1
cargo-lock-hash = "437b91c8b908f1b59a5045a008cf0c1991a15dc1ab9ffd9cd8b178cbfdac5267"

[packages."app-0.1.0"]
features = [ ]
dependencies = [
    "dep-0.1.0",
    "gitdep-1.0.0",
]
edition = "2021"

[packages."dep-0.1.0"]
features = [ ]
dependencies = [ ]
edition = "2021"

[packages."other-0.1.0"]
features = [ ]
dependencies = [ ]
edition = "2021"

[packages."gitdep-1.0.0"]
features = [ ]
dependencies = [ ]
edition = "2021"
