# This file is automatically @generated by Cargo.
# It is not intended for manual editing.
version = 4

[[package]]
name = "app"
version = "0.1.0"
dependencies = [
 "dep",
 "gitdep",
]

[[package]]
name = "dep"
version = "0.1.0"

[[package]]
name = "gitdep"
version = "1.0.0"
source = "git+https://example.com/acme/git-repo?rev=0123456789abcdef0123456789abcdef01234567#0123456789abcdef0123456789abcdef01234567"

[[package]]
name = "other"
version = "0.1.0"
