# Generated by bloomery. DO NOT EDIT.
version = 1
cargo-lock-hash = "94d3ebfd1f128c79b29bf084ca438fb2f61f4fe9d35905df2f0c2691913df7db"

[packages."bin-calc-0.1.0"]
features = [ ]
dependencies = [ "lib-calc-0.1.0", "lib-core-0.1.0" ]
proc-macro = false
edition = "2021"

[packages."bin-report-0.1.0"]
features = [ ]
dependencies = [ "lib-calc-0.1.0", "lib-msg-0.1.0" ]
proc-macro = false
edition = "2021"

[packages."itoa-1.0.18"]
features = [ ]
dependencies = [ ]
proc-macro = false
edition = "2021"

[packages."lib-calc-0.1.0"]
features = [ ]
dependencies = [ "lib-core-0.1.0" ]
proc-macro = false
edition = "2021"

[packages."lib-core-0.1.0"]
features = [ ]
dependencies = [ "itoa-1.0.18" ]
proc-macro = false
edition = "2021"

[packages."lib-msg-0.1.0"]
features = [ ]
dependencies = [ "lib-core-0.1.0" ]
proc-macro = false
edition = "2021"

