# This file is automatically @generated by Bloomery.
# It is not intended for manual editing.
version = 1
cargo-lock-hash = "f076cd8fe6f4dd619f04ceaf055cc565fed289b31bd926245fc510ffae7cb369"

[packages."anstream-1.0.0"]
features = [
    "auto",
    "default",
    "wincon",
]
dependencies = [
    "anstyle-1.0.14",
    "anstyle-parse-1.0.0",
    "anstyle-query-1.1.5",
    "anstyle-wincon-3.0.11",
    "colorchoice-1.0.5",
    "is_terminal_polyfill-1.70.2",
    "utf8parse-0.2.2",
]
proc-macro = false
edition = "2021"

[packages."anstyle-1.0.14"]
features = [
    "default",
    "std",
]
dependencies = []
proc-macro = false
edition = "2021"

[packages."anstyle-parse-1.0.0"]
features = [
    "default",
    "utf8",
]
dependencies = ["utf8parse-0.2.2"]
proc-macro = false
edition = "2021"

[packages."anstyle-query-1.1.5"]
features = []
dependencies = ["windows-sys-0.61.2"]
proc-macro = false
edition = "2021"

[packages."anstyle-wincon-3.0.11"]
features = []
dependencies = [
    "anstyle-1.0.14",
    "once_cell_polyfill-1.70.2",
    "windows-sys-0.61.2",
]
proc-macro = false
edition = "2021"

[packages."app-0.1.0"]
features = []
dependencies = [
    "clap-4.6.7",
    "leaf-0.1.0",
    "server-0.1.0",
    "shared-0.1.0",
]
proc-macro = false
edition = "2021"

[packages."atomic-waker-1.1.2"]
features = []
dependencies = []
proc-macro = false
edition = "2018"

[packages."axum-0.8.9"]
features = [
    "default",
    "form",
    "http1",
    "json",
    "matched-path",
    "original-uri",
    "query",
    "tokio",
    "tower-log",
    "tracing",
]
dependencies = [
    "axum-core-0.5.6",
    "bytes-1.12.1",
    "form_urlencoded-1.2.2",
    "futures-util-0.3.34",
    "http-1.5.0",
    "http-body-1.1.0",
    "http-body-util-0.1.5",
    "hyper-1.11.1",
    "hyper-util-0.1.21",
    "itoa-1.0.10",
    "matchit-0.8.4",
    "memchr-2.8.3",
    "mime-0.3.17",
    "percent-encoding-2.3.2",
    "pin-project-lite-0.2.17",
    "serde_core-1.0.229",
    "serde_json-1.0.151",
    "serde_path_to_error-0.1.20",
    "serde_urlencoded-0.7.1",
    "sync_wrapper-1.0.2",
    "tokio-1.53.2",
    "tower-0.5.3",
    "tower-layer-0.3.3",
    "tower-service-0.3.3",
    "tracing-0.1.44",
]
proc-macro = false
edition = "2021"

[packages."axum-core-0.5.6"]
features = ["tracing"]
dependencies = [
    "bytes-1.12.1",
    "futures-core-0.3.34",
    "http-1.5.0",
    "http-body-1.1.0",
    "http-body-util-0.1.5",
    "mime-0.3.17",
    "pin-project-lite-0.2.17",
    "sync_wrapper-1.0.2",
    "tower-layer-0.3.3",
    "tower-service-0.3.3",
    "tracing-0.1.44",
]
proc-macro = false
edition = "2021"

[packages."build-0.1.0"]
features = []
dependencies = []
proc-macro = false
edition = "2021"

[packages."bytes-1.12.1"]
features = [
    "default",
    "std",
]
dependencies = []
proc-macro = false
edition = "2021"

[packages."clap-4.6.7"]
features = [
    "color",
    "default",
    "derive",
    "error-context",
    "help",
    "std",
    "suggestions",
    "usage",
]
dependencies = [
    "clap_builder-4.6.7",
    "clap_derive-4.6.7",
]
proc-macro = false
edition = "2024"

[packages."clap_builder-4.6.7"]
features = [
    "color",
    "error-context",
    "help",
    "std",
    "suggestions",
    "usage",
]
dependencies = [
    "anstream-1.0.0",
    "anstyle-1.0.14",
    "clap_lex-1.1.1",
    "strsim-0.11.1",
]
proc-macro = false
edition = "2024"

[packages."clap_derive-4.6.7"]
features = ["default"]
dependencies = [
    "heck-0.5.0",
    "proc-macro2-1.0.107",
    "quote-1.0.47",
    "syn-3.0.6",
]
proc-macro = true
edition = "2024"

[packages."clap_lex-1.1.1"]
features = []
dependencies = []
proc-macro = false
edition = "2024"

[packages."colorchoice-1.0.5"]
features = []
dependencies = []
proc-macro = false
edition = "2021"

[packages."form_urlencoded-1.2.2"]
features = [
    "alloc",
    "default",
    "std",
]
dependencies = ["percent-encoding-2.3.2"]
proc-macro = false
edition = "2018"

[packages."futures-channel-0.3.34"]
features = [
    "alloc",
    "default",
    "std",
]
dependencies = ["futures-core-0.3.34"]
proc-macro = false
edition = "2018"

[packages."futures-core-0.3.34"]
features = [
    "alloc",
    "default",
    "std",
]
dependencies = []
proc-macro = false
edition = "2018"

[packages."futures-task-0.3.34"]
features = ["alloc"]
dependencies = []
proc-macro = false
edition = "2018"

[packages."futures-util-0.3.34"]
features = [
    "alloc",
    "slab",
]
dependencies = [
    "futures-core-0.3.34",
    "futures-task-0.3.34",
    "pin-project-lite-0.2.17",
    "slab-0.4.12",
]
proc-macro = false
edition = "2018"

[packages."heck-0.5.0"]
features = []
dependencies = []
proc-macro = false
edition = "2021"

[packages."http-1.5.0"]
features = [
    "default",
    "std",
]
dependencies = [
    "bytes-1.12.1",
    "itoa-1.0.10",
]
proc-macro = false
edition = "2021"

[packages."http-body-1.1.0"]
features = []
dependencies = [
    "bytes-1.12.1",
    "http-1.5.0",
]
proc-macro = false
edition = "2018"

[packages."http-body-util-0.1.5"]
features = ["default"]
dependencies = [
    "bytes-1.12.1",
    "futures-core-0.3.34",
    "http-1.5.0",
    "http-body-1.1.0",
    "pin-project-lite-0.2.17",
]
proc-macro = false
edition = "2018"

[packages."httparse-1.10.1"]
features = [
    "default",
    "std",
]
dependencies = []
proc-macro = false
edition = "2018"

[packages."httpdate-1.0.3"]
features = []
dependencies = []
proc-macro = false
edition = "2021"

[packages."hyper-1.11.1"]
features = [
    "default",
    "http1",
    "server",
]
dependencies = [
    "atomic-waker-1.1.2",
    "bytes-1.12.1",
    "futures-channel-0.3.34",
    "futures-core-0.3.34",
    "http-1.5.0",
    "http-body-1.1.0",
    "httparse-1.10.1",
    "httpdate-1.0.3",
    "itoa-1.0.10",
    "pin-project-lite-0.2.17",
    "smallvec-1.16.2",
    "tokio-1.53.2",
]
proc-macro = false
edition = "2021"

[packages."hyper-util-0.1.21"]
features = [
    "default",
    "http1",
    "server",
    "service",
    "tokio",
]
dependencies = [
    "bytes-1.12.1",
    "http-1.5.0",
    "http-body-1.1.0",
    "hyper-1.11.1",
    "pin-project-lite-0.2.17",
    "tokio-1.53.2",
    "tower-service-0.3.3",
]
proc-macro = false
edition = "2024"

[packages."is_terminal_polyfill-1.70.2"]
features = ["default"]
dependencies = []
proc-macro = false
edition = "2021"

[packages."itoa-1.0.10"]
features = []
dependencies = []
proc-macro = false
edition = "2018"

[packages."leaf-0.1.0"]
features = []
dependencies = [
    "macros-0.1.0",
    "util-0.1.0",
]
proc-macro = false
edition = "2021"

[packages."libc-0.2.190"]
features = [
    "default",
    "std",
]
dependencies = []
proc-macro = false
edition = "2021"

[packages."log-0.4.34"]
features = []
dependencies = []
proc-macro = false
edition = "2021"

[packages."macros-0.1.0"]
features = []
dependencies = []
proc-macro = true
edition = "2021"

[packages."matchit-0.8.4"]
features = ["default"]
dependencies = []
proc-macro = false
edition = "2021"

[packages."memchr-2.8.3"]
features = [
    "alloc",
    "default",
    "std",
]
dependencies = []
proc-macro = false
edition = "2021"

[packages."mime-0.3.17"]
features = []
dependencies = []
proc-macro = false
edition = "2015"

[packages."mio-1.2.4"]
features = [
    "net",
    "os-ext",
    "os-poll",
]
dependencies = [
    "libc-0.2.190",
    "wasi-0.11.1+wasi-snapshot-preview1",
    "windows-sys-0.61.2",
]
proc-macro = false
edition = "2021"

[packages."once_cell-1.21.4"]
features = [
    "alloc",
    "default",
    "race",
    "std",
]
dependencies = []
proc-macro = false
edition = "2021"

[packages."once_cell_polyfill-1.70.2"]
features = ["default"]
dependencies = []
proc-macro = false
edition = "2021"

[packages."percent-encoding-2.3.2"]
features = [
    "alloc",
    "default",
    "std",
]
dependencies = []
proc-macro = false
edition = "2018"

[packages."pin-project-lite-0.2.17"]
features = []
dependencies = []
proc-macro = false
edition = "2018"

[packages."proc-macro2-1.0.107"]
features = [
    "default",
    "proc-macro",
]
dependencies = ["unicode-ident-1.0.26"]
proc-macro = false
edition = "2021"

[packages."quote-1.0.47"]
features = [
    "default",
    "proc-macro",
]
dependencies = ["proc-macro2-1.0.107"]
proc-macro = false
edition = "2021"

[packages."ryu-1.0.23"]
features = []
dependencies = []
proc-macro = false
edition = "2021"

[packages."serde-1.0.229"]
features = [
    "default",
    "std",
]
dependencies = ["serde_core-1.0.229"]
proc-macro = false
edition = "2021"

[packages."serde_core-1.0.229"]
features = [
    "alloc",
    "default",
    "result",
    "std",
]
dependencies = ["serde_derive-1.0.229"]
proc-macro = false
edition = "2021"

[packages."serde_derive-1.0.229"]
features = ["default"]
dependencies = [
    "proc-macro2-1.0.107",
    "quote-1.0.47",
    "syn-3.0.6",
]
proc-macro = true
edition = "2021"

[packages."serde_json-1.0.151"]
features = [
    "default",
    "raw_value",
    "std",
]
dependencies = [
    "itoa-1.0.10",
    "memchr-2.8.3",
    "serde-1.0.229",
    "serde_core-1.0.229",
    "zmij-1.0.23",
]
proc-macro = false
edition = "2021"

[packages."serde_path_to_error-0.1.20"]
features = []
dependencies = [
    "itoa-1.0.10",
    "serde-1.0.229",
    "serde_core-1.0.229",
]
proc-macro = false
edition = "2021"

[packages."serde_urlencoded-0.7.1"]
features = []
dependencies = [
    "form_urlencoded-1.2.2",
    "itoa-1.0.10",
    "ryu-1.0.23",
    "serde-1.0.229",
]
proc-macro = false
edition = "2018"

[packages."server-0.1.0"]
features = []
dependencies = [
    "axum-0.8.9",
    "leaf-0.1.0",
    "shared-0.1.0",
]
proc-macro = false
edition = "2021"

[packages."shared-0.1.0"]
features = []
dependencies = ["util-0.1.0"]
proc-macro = false
edition = "2021"

[packages."slab-0.4.12"]
features = []
dependencies = []
proc-macro = false
edition = "2018"

[packages."smallvec-1.16.2"]
features = [
    "const_generics",
    "const_new",
]
dependencies = []
proc-macro = false
edition = "2018"

[packages."socket2-0.6.5"]
features = ["all"]
dependencies = [
    "libc-0.2.190",
    "windows-sys-0.61.2",
]
proc-macro = false
edition = "2021"

[packages."strsim-0.11.1"]
features = []
dependencies = []
proc-macro = false
edition = "2015"

[packages."syn-3.0.6"]
features = [
    "clone-impls",
    "default",
    "derive",
    "full",
    "parsing",
    "printing",
    "proc-macro",
]
dependencies = [
    "proc-macro2-1.0.107",
    "quote-1.0.47",
    "unicode-ident-1.0.26",
]
proc-macro = false
edition = "2021"

[packages."sync_wrapper-1.0.2"]
features = []
dependencies = []
proc-macro = false
edition = "2021"

[packages."tokio-1.53.2"]
features = [
    "default",
    "libc",
    "macros",
    "mio",
    "net",
    "rt",
    "socket2",
    "sync",
    "time",
    "tokio-macros",
    "windows-sys",
]
dependencies = [
    "libc-0.2.190",
    "mio-1.2.4",
    "pin-project-lite-0.2.17",
    "socket2-0.6.5",
    "tokio-macros-2.7.2",
    "windows-sys-0.61.2",
]
proc-macro = false
edition = "2021"

[packages."tokio-macros-2.7.2"]
features = []
dependencies = [
    "proc-macro2-1.0.107",
    "quote-1.0.47",
    "syn-3.0.6",
]
proc-macro = true
edition = "2021"

[packages."tower-0.5.3"]
features = [
    "futures-core",
    "futures-util",
    "log",
    "make",
    "pin-project-lite",
    "sync_wrapper",
    "tokio",
    "tracing",
    "util",
]
dependencies = [
    "futures-core-0.3.34",
    "futures-util-0.3.34",
    "pin-project-lite-0.2.17",
    "sync_wrapper-1.0.2",
    "tokio-1.53.2",
    "tower-layer-0.3.3",
    "tower-service-0.3.3",
    "tracing-0.1.44",
]
proc-macro = false
edition = "2018"

[packages."tower-layer-0.3.3"]
features = []
dependencies = []
proc-macro = false
edition = "2018"

[packages."tower-service-0.3.3"]
features = []
dependencies = []
proc-macro = false
edition = "2018"

[packages."tracing-0.1.44"]
features = [
    "log",
    "std",
]
dependencies = [
    "log-0.4.34",
    "pin-project-lite-0.2.17",
    "tracing-core-0.1.36",
]
proc-macro = false
edition = "2018"

[packages."tracing-core-0.1.36"]
features = [
    "once_cell",
    "std",
]
dependencies = ["once_cell-1.21.4"]
proc-macro = false
edition = "2018"

[packages."unicode-ident-1.0.26"]
features = []
dependencies = []
proc-macro = false
edition = "2021"

[packages."utf8parse-0.2.2"]
features = ["default"]
dependencies = []
proc-macro = false
edition = "2018"

[packages."util-0.1.0"]
features = []
dependencies = ["itoa-1.0.10"]
proc-macro = false
edition = "2021"

[packages."wasi-0.11.1+wasi-snapshot-preview1"]
features = [
    "default",
    "std",
]
dependencies = []
proc-macro = false
edition = "2018"

[packages."windows-link-0.2.1"]
features = []
dependencies = []
proc-macro = false
edition = "2021"

[packages."windows-sys-0.61.2"]
features = [
    "Wdk",
    "Wdk_Foundation",
    "Wdk_Storage",
    "Wdk_Storage_FileSystem",
    "Wdk_System",
    "Wdk_System_IO",
    "Win32",
    "Win32_Foundation",
    "Win32_Networking",
    "Win32_Networking_WinSock",
    "Win32_Security",
    "Win32_Storage",
    "Win32_Storage_FileSystem",
    "Win32_System",
    "Win32_System_Console",
    "Win32_System_IO",
    "Win32_System_Pipes",
    "Win32_System_SystemServices",
    "Win32_System_Threading",
    "Win32_System_WindowsProgramming",
    "default",
]
dependencies = ["windows-link-0.2.1"]
proc-macro = false
edition = "2021"

[packages."zmij-1.0.23"]
features = []
dependencies = []
proc-macro = false
edition = "2021"

[contexts."app-0.1.0"."anstream-1.0.0"]
features = [
    "auto",
    "default",
    "wincon",
]
dependencies = [
    "anstyle-1.0.14",
    "anstyle-parse-1.0.0",
    "anstyle-query-1.1.5",
    "anstyle-wincon-3.0.11",
    "colorchoice-1.0.5",
    "is_terminal_polyfill-1.70.2",
    "utf8parse-0.2.2",
]

[contexts."app-0.1.0"."anstyle-1.0.14"]
features = [
    "default",
    "std",
]
dependencies = []

[contexts."app-0.1.0"."anstyle-parse-1.0.0"]
features = [
    "default",
    "utf8",
]
dependencies = ["utf8parse-0.2.2"]

[contexts."app-0.1.0"."anstyle-query-1.1.5"]
features = []
dependencies = ["windows-sys-0.61.2"]

[contexts."app-0.1.0"."anstyle-wincon-3.0.11"]
features = []
dependencies = [
    "anstyle-1.0.14",
    "once_cell_polyfill-1.70.2",
    "windows-sys-0.61.2",
]

[contexts."app-0.1.0"."app-0.1.0"]
features = []
dependencies = [
    "clap-4.6.7",
    "leaf-0.1.0",
    "server-0.1.0",
    "shared-0.1.0",
]

[contexts."app-0.1.0"."atomic-waker-1.1.2"]
features = []
dependencies = []

[contexts."app-0.1.0"."axum-0.8.9"]
features = [
    "default",
    "form",
    "http1",
    "json",
    "matched-path",
    "original-uri",
    "query",
    "tokio",
    "tower-log",
    "tracing",
]
dependencies = [
    "axum-core-0.5.6",
    "bytes-1.12.1",
    "form_urlencoded-1.2.2",
    "futures-util-0.3.34",
    "http-1.5.0",
    "http-body-1.1.0",
    "http-body-util-0.1.5",
    "hyper-1.11.1",
    "hyper-util-0.1.21",
    "itoa-1.0.10",
    "matchit-0.8.4",
    "memchr-2.8.3",
    "mime-0.3.17",
    "percent-encoding-2.3.2",
    "pin-project-lite-0.2.17",
    "serde_core-1.0.229",
    "serde_json-1.0.151",
    "serde_path_to_error-0.1.20",
    "serde_urlencoded-0.7.1",
    "sync_wrapper-1.0.2",
    "tokio-1.53.2",
    "tower-0.5.3",
    "tower-layer-0.3.3",
    "tower-service-0.3.3",
    "tracing-0.1.44",
]

[contexts."app-0.1.0"."axum-core-0.5.6"]
features = ["tracing"]
dependencies = [
    "bytes-1.12.1",
    "futures-core-0.3.34",
    "http-1.5.0",
    "http-body-1.1.0",
    "http-body-util-0.1.5",
    "mime-0.3.17",
    "pin-project-lite-0.2.17",
    "sync_wrapper-1.0.2",
    "tower-layer-0.3.3",
    "tower-service-0.3.3",
    "tracing-0.1.44",
]

[contexts."app-0.1.0"."bytes-1.12.1"]
features = [
    "default",
    "std",
]
dependencies = []

[contexts."app-0.1.0"."clap-4.6.7"]
features = [
    "color",
    "default",
    "derive",
    "error-context",
    "help",
    "std",
    "suggestions",
    "usage",
]
dependencies = [
    "clap_builder-4.6.7",
    "clap_derive-4.6.7",
]

[contexts."app-0.1.0"."clap_builder-4.6.7"]
features = [
    "color",
    "error-context",
    "help",
    "std",
    "suggestions",
    "usage",
]
dependencies = [
    "anstream-1.0.0",
    "anstyle-1.0.14",
    "clap_lex-1.1.1",
    "strsim-0.11.1",
]

[contexts."app-0.1.0"."clap_derive-4.6.7"]
features = ["default"]
dependencies = [
    "heck-0.5.0",
    "proc-macro2-1.0.107",
    "quote-1.0.47",
    "syn-3.0.6",
]

[contexts."app-0.1.0"."clap_lex-1.1.1"]
features = []
dependencies = []

[contexts."app-0.1.0"."colorchoice-1.0.5"]
features = []
dependencies = []

[contexts."app-0.1.0"."form_urlencoded-1.2.2"]
features = [
    "alloc",
    "default",
    "std",
]
dependencies = ["percent-encoding-2.3.2"]

[contexts."app-0.1.0"."futures-channel-0.3.34"]
features = [
    "alloc",
    "default",
    "std",
]
dependencies = ["futures-core-0.3.34"]

[contexts."app-0.1.0"."futures-core-0.3.34"]
features = [
    "alloc",
    "default",
    "std",
]
dependencies = []

[contexts."app-0.1.0"."futures-task-0.3.34"]
features = ["alloc"]
dependencies = []

[contexts."app-0.1.0"."futures-util-0.3.34"]
features = [
    "alloc",
    "slab",
]
dependencies = [
    "futures-core-0.3.34",
    "futures-task-0.3.34",
    "pin-project-lite-0.2.17",
    "slab-0.4.12",
]

[contexts."app-0.1.0"."heck-0.5.0"]
features = []
dependencies = []

[contexts."app-0.1.0"."http-1.5.0"]
features = [
    "default",
    "std",
]
dependencies = [
    "bytes-1.12.1",
    "itoa-1.0.10",
]

[contexts."app-0.1.0"."http-body-1.1.0"]
features = []
dependencies = [
    "bytes-1.12.1",
    "http-1.5.0",
]

[contexts."app-0.1.0"."http-body-util-0.1.5"]
features = ["default"]
dependencies = [
    "bytes-1.12.1",
    "futures-core-0.3.34",
    "http-1.5.0",
    "http-body-1.1.0",
    "pin-project-lite-0.2.17",
]

[contexts."app-0.1.0"."httparse-1.10.1"]
features = [
    "default",
    "std",
]
dependencies = []

[contexts."app-0.1.0"."httpdate-1.0.3"]
features = []
dependencies = []

[contexts."app-0.1.0"."hyper-1.11.1"]
features = [
    "default",
    "http1",
    "server",
]
dependencies = [
    "atomic-waker-1.1.2",
    "bytes-1.12.1",
    "futures-channel-0.3.34",
    "futures-core-0.3.34",
    "http-1.5.0",
    "http-body-1.1.0",
    "httparse-1.10.1",
    "httpdate-1.0.3",
    "itoa-1.0.10",
    "pin-project-lite-0.2.17",
    "smallvec-1.16.2",
    "tokio-1.53.2",
]

[contexts."app-0.1.0"."hyper-util-0.1.21"]
features = [
    "default",
    "http1",
    "server",
    "service",
    "tokio",
]
dependencies = [
    "bytes-1.12.1",
    "http-1.5.0",
    "http-body-1.1.0",
    "hyper-1.11.1",
    "pin-project-lite-0.2.17",
    "tokio-1.53.2",
    "tower-service-0.3.3",
]

[contexts."app-0.1.0"."is_terminal_polyfill-1.70.2"]
features = ["default"]
dependencies = []

[contexts."app-0.1.0"."itoa-1.0.10"]
features = []
dependencies = []

[contexts."app-0.1.0"."leaf-0.1.0"]
features = []
dependencies = [
    "macros-0.1.0",
    "util-0.1.0",
]

[contexts."app-0.1.0"."libc-0.2.190"]
features = [
    "default",
    "std",
]
dependencies = []

[contexts."app-0.1.0"."log-0.4.34"]
features = []
dependencies = []

[contexts."app-0.1.0"."macros-0.1.0"]
features = []
dependencies = []

[contexts."app-0.1.0"."matchit-0.8.4"]
features = ["default"]
dependencies = []

[contexts."app-0.1.0"."memchr-2.8.3"]
features = [
    "alloc",
    "default",
    "std",
]
dependencies = []

[contexts."app-0.1.0"."mime-0.3.17"]
features = []
dependencies = []

[contexts."app-0.1.0"."mio-1.2.4"]
features = [
    "net",
    "os-ext",
    "os-poll",
]
dependencies = [
    "libc-0.2.190",
    "wasi-0.11.1+wasi-snapshot-preview1",
    "windows-sys-0.61.2",
]

[contexts."app-0.1.0"."once_cell-1.21.4"]
features = [
    "alloc",
    "default",
    "race",
    "std",
]
dependencies = []

[contexts."app-0.1.0"."once_cell_polyfill-1.70.2"]
features = ["default"]
dependencies = []

[contexts."app-0.1.0"."percent-encoding-2.3.2"]
features = [
    "alloc",
    "default",
    "std",
]
dependencies = []

[contexts."app-0.1.0"."pin-project-lite-0.2.17"]
features = []
dependencies = []

[contexts."app-0.1.0"."proc-macro2-1.0.107"]
features = [
    "default",
    "proc-macro",
]
dependencies = ["unicode-ident-1.0.26"]

[contexts."app-0.1.0"."quote-1.0.47"]
features = [
    "default",
    "proc-macro",
]
dependencies = ["proc-macro2-1.0.107"]

[contexts."app-0.1.0"."ryu-1.0.23"]
features = []
dependencies = []

[contexts."app-0.1.0"."serde-1.0.229"]
features = [
    "default",
    "std",
]
dependencies = ["serde_core-1.0.229"]

[contexts."app-0.1.0"."serde_core-1.0.229"]
features = [
    "alloc",
    "default",
    "result",
    "std",
]
dependencies = ["serde_derive-1.0.229"]

[contexts."app-0.1.0"."serde_derive-1.0.229"]
features = ["default"]
dependencies = [
    "proc-macro2-1.0.107",
    "quote-1.0.47",
    "syn-3.0.6",
]

[contexts."app-0.1.0"."serde_json-1.0.151"]
features = [
    "default",
    "raw_value",
    "std",
]
dependencies = [
    "itoa-1.0.10",
    "memchr-2.8.3",
    "serde-1.0.229",
    "serde_core-1.0.229",
    "zmij-1.0.23",
]

[contexts."app-0.1.0"."serde_path_to_error-0.1.20"]
features = []
dependencies = [
    "itoa-1.0.10",
    "serde-1.0.229",
    "serde_core-1.0.229",
]

[contexts."app-0.1.0"."serde_urlencoded-0.7.1"]
features = []
dependencies = [
    "form_urlencoded-1.2.2",
    "itoa-1.0.10",
    "ryu-1.0.23",
    "serde-1.0.229",
]

[contexts."app-0.1.0"."server-0.1.0"]
features = []
dependencies = [
    "axum-0.8.9",
    "leaf-0.1.0",
    "shared-0.1.0",
]

[contexts."app-0.1.0"."shared-0.1.0"]
features = []
dependencies = ["util-0.1.0"]

[contexts."app-0.1.0"."slab-0.4.12"]
features = []
dependencies = []

[contexts."app-0.1.0"."smallvec-1.16.2"]
features = [
    "const_generics",
    "const_new",
]
dependencies = []

[contexts."app-0.1.0"."socket2-0.6.5"]
features = ["all"]
dependencies = [
    "libc-0.2.190",
    "windows-sys-0.61.2",
]

[contexts."app-0.1.0"."strsim-0.11.1"]
features = []
dependencies = []

[contexts."app-0.1.0"."syn-3.0.6"]
features = [
    "clone-impls",
    "default",
    "derive",
    "full",
    "parsing",
    "printing",
    "proc-macro",
]
dependencies = [
    "proc-macro2-1.0.107",
    "quote-1.0.47",
    "unicode-ident-1.0.26",
]

[contexts."app-0.1.0"."sync_wrapper-1.0.2"]
features = []
dependencies = []

[contexts."app-0.1.0"."tokio-1.53.2"]
features = [
    "default",
    "libc",
    "macros",
    "net",
    "rt",
    "socket2",
    "sync",
    "time",
    "tokio-macros",
]
dependencies = [
    "libc-0.2.190",
    "mio-1.2.4",
    "pin-project-lite-0.2.17",
    "socket2-0.6.5",
    "tokio-macros-2.7.2",
    "windows-sys-0.61.2",
]

[contexts."app-0.1.0"."tokio-macros-2.7.2"]
features = []
dependencies = [
    "proc-macro2-1.0.107",
    "quote-1.0.47",
    "syn-3.0.6",
]

[contexts."app-0.1.0"."tower-0.5.3"]
features = [
    "futures-core",
    "futures-util",
    "log",
    "make",
    "pin-project-lite",
    "sync_wrapper",
    "tokio",
    "util",
]
dependencies = [
    "futures-core-0.3.34",
    "futures-util-0.3.34",
    "pin-project-lite-0.2.17",
    "sync_wrapper-1.0.2",
    "tokio-1.53.2",
    "tower-layer-0.3.3",
    "tower-service-0.3.3",
    "tracing-0.1.44",
]

[contexts."app-0.1.0"."tower-layer-0.3.3"]
features = []
dependencies = []

[contexts."app-0.1.0"."tower-service-0.3.3"]
features = []
dependencies = []

[contexts."app-0.1.0"."tracing-0.1.44"]
features = [
    "log",
    "std",
]
dependencies = [
    "log-0.4.34",
    "pin-project-lite-0.2.17",
    "tracing-core-0.1.36",
]

[contexts."app-0.1.0"."tracing-core-0.1.36"]
features = [
    "once_cell",
    "std",
]
dependencies = ["once_cell-1.21.4"]

[contexts."app-0.1.0"."unicode-ident-1.0.26"]
features = []
dependencies = []

[contexts."app-0.1.0"."utf8parse-0.2.2"]
features = ["default"]
dependencies = []

[contexts."app-0.1.0"."util-0.1.0"]
features = []
dependencies = ["itoa-1.0.10"]

[contexts."app-0.1.0"."wasi-0.11.1+wasi-snapshot-preview1"]
features = [
    "default",
    "std",
]
dependencies = []

[contexts."app-0.1.0"."windows-link-0.2.1"]
features = []
dependencies = []

[contexts."app-0.1.0"."windows-sys-0.61.2"]
features = [
    "Wdk",
    "Wdk_Foundation",
    "Wdk_Storage",
    "Wdk_Storage_FileSystem",
    "Wdk_System",
    "Wdk_System_IO",
    "Win32",
    "Win32_Foundation",
    "Win32_Networking",
    "Win32_Networking_WinSock",
    "Win32_Security",
    "Win32_Storage",
    "Win32_Storage_FileSystem",
    "Win32_System",
    "Win32_System_Console",
    "Win32_System_IO",
    "Win32_System_Pipes",
    "Win32_System_SystemServices",
    "Win32_System_Threading",
    "Win32_System_WindowsProgramming",
    "default",
]
dependencies = ["windows-link-0.2.1"]

[contexts."app-0.1.0"."zmij-1.0.23"]
features = []
dependencies = []

[contexts."build-0.1.0"."build-0.1.0"]
features = []
dependencies = []

[contexts."leaf-0.1.0"."itoa-1.0.10"]
features = []
dependencies = []

[contexts."leaf-0.1.0"."leaf-0.1.0"]
features = []
dependencies = [
    "macros-0.1.0",
    "util-0.1.0",
]

[contexts."leaf-0.1.0"."macros-0.1.0"]
features = []
dependencies = []

[contexts."leaf-0.1.0"."util-0.1.0"]
features = []
dependencies = ["itoa-1.0.10"]

[contexts."macros-0.1.0"."macros-0.1.0"]
features = []
dependencies = []

[contexts."server-0.1.0"."atomic-waker-1.1.2"]
features = []
dependencies = []

[contexts."server-0.1.0"."axum-0.8.9"]
features = [
    "default",
    "form",
    "http1",
    "json",
    "matched-path",
    "original-uri",
    "query",
    "tokio",
    "tower-log",
    "tracing",
]
dependencies = [
    "axum-core-0.5.6",
    "bytes-1.12.1",
    "form_urlencoded-1.2.2",
    "futures-util-0.3.34",
    "http-1.5.0",
    "http-body-1.1.0",
    "http-body-util-0.1.5",
    "hyper-1.11.1",
    "hyper-util-0.1.21",
    "itoa-1.0.10",
    "matchit-0.8.4",
    "memchr-2.8.3",
    "mime-0.3.17",
    "percent-encoding-2.3.2",
    "pin-project-lite-0.2.17",
    "serde_core-1.0.229",
    "serde_json-1.0.151",
    "serde_path_to_error-0.1.20",
    "serde_urlencoded-0.7.1",
    "sync_wrapper-1.0.2",
    "tokio-1.53.2",
    "tower-0.5.3",
    "tower-layer-0.3.3",
    "tower-service-0.3.3",
    "tracing-0.1.44",
]

[contexts."server-0.1.0"."axum-core-0.5.6"]
features = ["tracing"]
dependencies = [
    "bytes-1.12.1",
    "futures-core-0.3.34",
    "http-1.5.0",
    "http-body-1.1.0",
    "http-body-util-0.1.5",
    "mime-0.3.17",
    "pin-project-lite-0.2.17",
    "sync_wrapper-1.0.2",
    "tower-layer-0.3.3",
    "tower-service-0.3.3",
    "tracing-0.1.44",
]

[contexts."server-0.1.0"."bytes-1.12.1"]
features = [
    "default",
    "std",
]
dependencies = []

[contexts."server-0.1.0"."form_urlencoded-1.2.2"]
features = [
    "alloc",
    "default",
    "std",
]
dependencies = ["percent-encoding-2.3.2"]

[contexts."server-0.1.0"."futures-channel-0.3.34"]
features = [
    "alloc",
    "default",
    "std",
]
dependencies = ["futures-core-0.3.34"]

[contexts."server-0.1.0"."futures-core-0.3.34"]
features = [
    "alloc",
    "default",
    "std",
]
dependencies = []

[contexts."server-0.1.0"."futures-task-0.3.34"]
features = ["alloc"]
dependencies = []

[contexts."server-0.1.0"."futures-util-0.3.34"]
features = [
    "alloc",
    "slab",
]
dependencies = [
    "futures-core-0.3.34",
    "futures-task-0.3.34",
    "pin-project-lite-0.2.17",
    "slab-0.4.12",
]

[contexts."server-0.1.0"."http-1.5.0"]
features = [
    "default",
    "std",
]
dependencies = [
    "bytes-1.12.1",
    "itoa-1.0.10",
]

[contexts."server-0.1.0"."http-body-1.1.0"]
features = []
dependencies = [
    "bytes-1.12.1",
    "http-1.5.0",
]

[contexts."server-0.1.0"."http-body-util-0.1.5"]
features = ["default"]
dependencies = [
    "bytes-1.12.1",
    "futures-core-0.3.34",
    "http-1.5.0",
    "http-body-1.1.0",
    "pin-project-lite-0.2.17",
]

[contexts."server-0.1.0"."httparse-1.10.1"]
features = [
    "default",
    "std",
]
dependencies = []

[contexts."server-0.1.0"."httpdate-1.0.3"]
features = []
dependencies = []

[contexts."server-0.1.0"."hyper-1.11.1"]
features = [
    "default",
    "http1",
    "server",
]
dependencies = [
    "atomic-waker-1.1.2",
    "bytes-1.12.1",
    "futures-channel-0.3.34",
    "futures-core-0.3.34",
    "http-1.5.0",
    "http-body-1.1.0",
    "httparse-1.10.1",
    "httpdate-1.0.3",
    "itoa-1.0.10",
    "pin-project-lite-0.2.17",
    "smallvec-1.16.2",
    "tokio-1.53.2",
]

[contexts."server-0.1.0"."hyper-util-0.1.21"]
features = [
    "default",
    "http1",
    "server",
    "service",
    "tokio",
]
dependencies = [
    "bytes-1.12.1",
    "http-1.5.0",
    "http-body-1.1.0",
    "hyper-1.11.1",
    "pin-project-lite-0.2.17",
    "tokio-1.53.2",
    "tower-service-0.3.3",
]

[contexts."server-0.1.0"."itoa-1.0.10"]
features = []
dependencies = []

[contexts."server-0.1.0"."leaf-0.1.0"]
features = []
dependencies = [
    "macros-0.1.0",
    "util-0.1.0",
]

[contexts."server-0.1.0"."libc-0.2.190"]
features = [
    "default",
    "std",
]
dependencies = []

[contexts."server-0.1.0"."log-0.4.34"]
features = []
dependencies = []

[contexts."server-0.1.0"."macros-0.1.0"]
features = []
dependencies = []

[contexts."server-0.1.0"."matchit-0.8.4"]
features = ["default"]
dependencies = []

[contexts."server-0.1.0"."memchr-2.8.3"]
features = [
    "alloc",
    "default",
    "std",
]
dependencies = []

[contexts."server-0.1.0"."mime-0.3.17"]
features = []
dependencies = []

[contexts."server-0.1.0"."mio-1.2.4"]
features = [
    "net",
    "os-ext",
    "os-poll",
]
dependencies = [
    "libc-0.2.190",
    "wasi-0.11.1+wasi-snapshot-preview1",
    "windows-sys-0.61.2",
]

[contexts."server-0.1.0"."once_cell-1.21.4"]
features = [
    "alloc",
    "default",
    "race",
    "std",
]
dependencies = []

[contexts."server-0.1.0"."percent-encoding-2.3.2"]
features = [
    "alloc",
    "default",
    "std",
]
dependencies = []

[contexts."server-0.1.0"."pin-project-lite-0.2.17"]
features = []
dependencies = []

[contexts."server-0.1.0"."proc-macro2-1.0.107"]
features = [
    "default",
    "proc-macro",
]
dependencies = ["unicode-ident-1.0.26"]

[contexts."server-0.1.0"."quote-1.0.47"]
features = [
    "default",
    "proc-macro",
]
dependencies = ["proc-macro2-1.0.107"]

[contexts."server-0.1.0"."ryu-1.0.23"]
features = []
dependencies = []

[contexts."server-0.1.0"."serde-1.0.229"]
features = [
    "default",
    "std",
]
dependencies = ["serde_core-1.0.229"]

[contexts."server-0.1.0"."serde_core-1.0.229"]
features = [
    "alloc",
    "default",
    "result",
    "std",
]
dependencies = ["serde_derive-1.0.229"]

[contexts."server-0.1.0"."serde_derive-1.0.229"]
features = ["default"]
dependencies = [
    "proc-macro2-1.0.107",
    "quote-1.0.47",
    "syn-3.0.6",
]

[contexts."server-0.1.0"."serde_json-1.0.151"]
features = [
    "default",
    "raw_value",
    "std",
]
dependencies = [
    "itoa-1.0.10",
    "memchr-2.8.3",
    "serde-1.0.229",
    "serde_core-1.0.229",
    "zmij-1.0.23",
]

[contexts."server-0.1.0"."serde_path_to_error-0.1.20"]
features = []
dependencies = [
    "itoa-1.0.10",
    "serde-1.0.229",
    "serde_core-1.0.229",
]

[contexts."server-0.1.0"."serde_urlencoded-0.7.1"]
features = []
dependencies = [
    "form_urlencoded-1.2.2",
    "itoa-1.0.10",
    "ryu-1.0.23",
    "serde-1.0.229",
]

[contexts."server-0.1.0"."server-0.1.0"]
features = []
dependencies = [
    "axum-0.8.9",
    "leaf-0.1.0",
    "shared-0.1.0",
]

[contexts."server-0.1.0"."shared-0.1.0"]
features = []
dependencies = ["util-0.1.0"]

[contexts."server-0.1.0"."slab-0.4.12"]
features = []
dependencies = []

[contexts."server-0.1.0"."smallvec-1.16.2"]
features = [
    "const_generics",
    "const_new",
]
dependencies = []

[contexts."server-0.1.0"."socket2-0.6.5"]
features = ["all"]
dependencies = [
    "libc-0.2.190",
    "windows-sys-0.61.2",
]

[contexts."server-0.1.0"."syn-3.0.6"]
features = [
    "clone-impls",
    "default",
    "derive",
    "full",
    "parsing",
    "printing",
    "proc-macro",
]
dependencies = [
    "proc-macro2-1.0.107",
    "quote-1.0.47",
    "unicode-ident-1.0.26",
]

[contexts."server-0.1.0"."sync_wrapper-1.0.2"]
features = []
dependencies = []

[contexts."server-0.1.0"."tokio-1.53.2"]
features = [
    "default",
    "libc",
    "macros",
    "net",
    "rt",
    "socket2",
    "sync",
    "time",
    "tokio-macros",
]
dependencies = [
    "libc-0.2.190",
    "mio-1.2.4",
    "pin-project-lite-0.2.17",
    "socket2-0.6.5",
    "tokio-macros-2.7.2",
    "windows-sys-0.61.2",
]

[contexts."server-0.1.0"."tokio-macros-2.7.2"]
features = []
dependencies = [
    "proc-macro2-1.0.107",
    "quote-1.0.47",
    "syn-3.0.6",
]

[contexts."server-0.1.0"."tower-0.5.3"]
features = [
    "futures-core",
    "futures-util",
    "log",
    "make",
    "pin-project-lite",
    "sync_wrapper",
    "tokio",
    "util",
]
dependencies = [
    "futures-core-0.3.34",
    "futures-util-0.3.34",
    "pin-project-lite-0.2.17",
    "sync_wrapper-1.0.2",
    "tokio-1.53.2",
    "tower-layer-0.3.3",
    "tower-service-0.3.3",
    "tracing-0.1.44",
]

[contexts."server-0.1.0"."tower-layer-0.3.3"]
features = []
dependencies = []

[contexts."server-0.1.0"."tower-service-0.3.3"]
features = []
dependencies = []

[contexts."server-0.1.0"."tracing-0.1.44"]
features = [
    "log",
    "std",
]
dependencies = [
    "log-0.4.34",
    "pin-project-lite-0.2.17",
    "tracing-core-0.1.36",
]

[contexts."server-0.1.0"."tracing-core-0.1.36"]
features = [
    "once_cell",
    "std",
]
dependencies = ["once_cell-1.21.4"]

[contexts."server-0.1.0"."unicode-ident-1.0.26"]
features = []
dependencies = []

[contexts."server-0.1.0"."util-0.1.0"]
features = []
dependencies = ["itoa-1.0.10"]

[contexts."server-0.1.0"."wasi-0.11.1+wasi-snapshot-preview1"]
features = [
    "default",
    "std",
]
dependencies = []

[contexts."server-0.1.0"."windows-link-0.2.1"]
features = []
dependencies = []

[contexts."server-0.1.0"."windows-sys-0.61.2"]
features = [
    "Wdk",
    "Wdk_Foundation",
    "Wdk_Storage",
    "Wdk_Storage_FileSystem",
    "Wdk_System",
    "Wdk_System_IO",
    "Win32",
    "Win32_Foundation",
    "Win32_Networking",
    "Win32_Networking_WinSock",
    "Win32_Security",
    "Win32_Storage",
    "Win32_Storage_FileSystem",
    "Win32_System",
    "Win32_System_IO",
    "Win32_System_Pipes",
    "Win32_System_SystemServices",
    "Win32_System_Threading",
    "Win32_System_WindowsProgramming",
    "default",
]
dependencies = ["windows-link-0.2.1"]

[contexts."server-0.1.0"."zmij-1.0.23"]
features = []
dependencies = []

[contexts."shared-0.1.0"."itoa-1.0.10"]
features = []
dependencies = []

[contexts."shared-0.1.0"."shared-0.1.0"]
features = []
dependencies = ["util-0.1.0"]

[contexts."shared-0.1.0"."util-0.1.0"]
features = []
dependencies = ["itoa-1.0.10"]

[contexts."util-0.1.0"."itoa-1.0.10"]
features = []
dependencies = []

[contexts."util-0.1.0"."util-0.1.0"]
features = []
dependencies = ["itoa-1.0.10"]
