# This file is automatically @generated by Bloomery.
# It is not intended for manual editing.
version = 1
cargo-lock-hash = "35a8ad6a3317616820f3772bf2470cfe57ee3ea6697b1b1615cabbbf884b2a5b"

[packages."app-0.1.0"]
features = [ ]
dependencies = [ "dep-0.1.0" ]
proc-macro = false
edition = "2021"

[packages."dep-0.1.0"]
features = [ ]
dependencies = [ ]
proc-macro = false
edition = "2021"
