# This file is automatically @generated by Bloomery.
# It is not intended for manual editing.
version = 1
cargo-lock-hash = "17fed0cde6ec8da9eaba182f15c8a915df4fe50bb19f644af23f41fe57c971e0"

[packages."app-0.1.0"]
features = []
dependencies = ["util-0.1.0"]
proc-macro = false
edition = "2021"

[packages."itoa-1.0.10"]
features = []
dependencies = []
proc-macro = false
edition = "2018"

[packages."util-0.1.0"]
features = []
dependencies = ["itoa-1.0.10"]
proc-macro = false
edition = "2021"

[contexts."app-0.1.0"."app-0.1.0"]
features = []
dependencies = ["util-0.1.0"]

[contexts."app-0.1.0"."itoa-1.0.10"]
features = []
dependencies = []

[contexts."app-0.1.0"."util-0.1.0"]
features = []
dependencies = ["itoa-1.0.10"]

[contexts."util-0.1.0"."itoa-1.0.10"]
features = []
dependencies = []

[contexts."util-0.1.0"."util-0.1.0"]
features = []
dependencies = ["itoa-1.0.10"]
