# This file is automatically @generated by Bloomery.
# It is not intended for manual editing.
version = 1
cargo-lock-hash = "e661598c2dfdaa4d728e139d0b65a1e2fb7afff779a539aac4438298ecba829c"

[packages."edge-cases-root-0.1.0"]
features = [ ]
dependencies = [ ]
proc-macro = false
edition = "2021"

[packages."member-app-0.1.0"]
features = [ ]
dependencies = [ ]
proc-macro = false
edition = "2021"
