# This file is automatically @generated by Bloomery.
# It is not intended for manual editing.
version = 1
cargo-lock-hash = "279d16262d1cf735806126e8824b3540451c49ecb653e223db0d80439202f313"

[packages."link-user-0.1.0"]
features = [ ]
dependencies = [ "links-sys-0.1.0" ]
proc-macro = false
edition = "2021"

[packages."links-sys-0.1.0"]
features = [ ]
dependencies = [ ]
proc-macro = false
edition = "2021"

[packages."types-lib-0.1.0"]
features = [ ]
dependencies = [ ]
proc-macro = false
edition = "2021"