# This file is automatically @generated by Bloomery.
# It is not intended for manual editing.
version = 1
cargo-lock-hash = "4e7301b3861d303dc0324fe776bd21b2fd45ced963fee52a02278be5b5d60bd4"

[packages."itoa-1.0.18"]
features = [ ]
dependencies = [ ]
proc-macro = false
edition = "2021"

[packages."opt-app-0.1.0"]
features = [ ]
dependencies = [ "opt-lib-0.1.0" ]
proc-macro = false
edition = "2021"

[packages."opt-lib-0.1.0"]
features = [ ]
dependencies = [ "itoa-1.0.18" ]
proc-macro = false
edition = "2021"