# This file is automatically @generated by Bloomery.
# It is not intended for manual editing.
version = 1
cargo-lock-hash = "def9f9f00f656ee4e704676ee3b55727750f07dd1840a3df071b24952610fdb8"

[packages."app-0.1.0"]
features = []
dependencies = [
    "dep-0.1.0",
]
edition = "2021"

[packages."dep-0.1.0"]
features = []
dependencies = []
edition = "2021"

[packages."other-0.1.0"]
features = []
dependencies = []
edition = "2021"
